
Microsoft Visual Studio Solution File, Format Version 12.00
# Visual Studio Version 17
VisualStudioVersion = 17.12.35527.113
MinimumVisualStudioVersion = 10.0.40219.1
Project("{FAE04EC0-301F-11D3-BF4B-00C04F79EFBC}") = "OutWit.Common.CommandLine.NuGet", "Common\OutWit.Common.CommandLine\OutWit.Common.CommandLine.NuGet.csproj", "{4280D48B-FE8C-41F8-B2D0-07963A3544C6}"
EndProject
Project("{FAE04EC0-301F-11D3-BF4B-00C04F79EFBC}") = "OutWit.Common.Reflection.NuGet", "Common\OutWit.Common.Reflection\OutWit.Common.Reflection.NuGet.csproj", "{8769B4C1-AC94-4B67-8389-A085B6D33017}"
EndProject
Project("{FAE04EC0-301F-11D3-BF4B-00C04F79EFBC}") = "OutWit.Common.Rest.NuGet", "Common\OutWit.Common.Rest\OutWit.Common.Rest.NuGet.csproj", "{3ED47C79-D05C-4AA6-A0E4-9A0EC91A00BA}"
EndProject
Project("{FAE04EC0-301F-11D3-BF4B-00C04F79EFBC}") = "OutWit.Communication.NuGet", "Communication\OutWit.Communication\OutWit.Communication.NuGet.csproj", "{881375FC-552A-4491-98B2-4185E6327AB2}"
EndProject
Project("{FAE04EC0-301F-11D3-BF4B-00C04F79EFBC}") = "OutWit.Communication.Client.NuGet", "Communication\OutWit.Communication.Client\OutWit.Communication.Client.NuGet.csproj", "{4FB64B9C-D3CA-44BF-923A-E59E4C5AABC2}"
EndProject
Project("{FAE04EC0-301F-11D3-BF4B-00C04F79EFBC}") = "OutWit.Communication.Client.MMF.NuGet", "Communication\OutWit.Communication.Client.MMF\OutWit.Communication.Client.MMF.NuGet.csproj", "{E5FFA081-74AC-46A8-BC4E-ABD36734DCDF}"
EndProject
Project("{FAE04EC0-301F-11D3-BF4B-00C04F79EFBC}") = "OutWit.Communication.Client.Pipes.NuGet", "Communication\OutWit.Communication.Client.Pipes\OutWit.Communication.Client.Pipes.NuGet.csproj", "{6B6E60B1-8DA4-44F7-9E9F-49F45631D4F1}"
EndProject
Project("{2150E333-8FDC-42A3-9474-1A3956D46DE8}") = "Common", "Common", "{C1171D72-4936-4721-84B2-451A3EAFEB25}"
EndProject
Project("{FAE04EC0-301F-11D3-BF4B-00C04F79EFBC}") = "OutWit.Communication.Client.Rest.NuGet", "Communication\OutWit.Communication.Client.Rest\OutWit.Communication.Client.Rest.NuGet.csproj", "{1391B51C-87FF-4805-AA9C-A5E67CB769C4}"
EndProject
Project("{FAE04EC0-301F-11D3-BF4B-00C04F79EFBC}") = "OutWit.Communication.Client.Tcp.NuGet", "Communication\OutWit.Communication.Client.Tcp\OutWit.Communication.Client.Tcp.NuGet.csproj", "{14AF0909-F42D-447F-8809-9CAF9A80159A}"
EndProject
Project("{FAE04EC0-301F-11D3-BF4B-00C04F79EFBC}") = "OutWit.Communication.Client.WebSocket.NuGet", "Communication\OutWit.Communication.Client.WebSocket\OutWit.Communication.Client.WebSocket.NuGet.csproj", "{E67B9C61-9B89-451E-9586-0A9BFCA0BB46}"
EndProject
Project("{FAE04EC0-301F-11D3-BF4B-00C04F79EFBC}") = "OutWit.Communication.Server.NuGet", "Communication\OutWit.Communication.Server\OutWit.Communication.Server.NuGet.csproj", "{09502E5F-FE18-486D-A27F-E14FB6627D80}"
EndProject
Project("{2150E333-8FDC-42A3-9474-1A3956D46DE8}") = "Client", "Client", "{39839A76-C003-468B-86E9-B2DEE1EFE917}"
EndProject
Project("{FAE04EC0-301F-11D3-BF4B-00C04F79EFBC}") = "OutWit.Communication.Server.MMF.NuGet", "Communication\OutWit.Communication.Server.MMF\OutWit.Communication.Server.MMF.NuGet.csproj", "{1C4E443C-AEC1-47E1-9EAD-0BFD67741FDA}"
EndProject
Project("{FAE04EC0-301F-11D3-BF4B-00C04F79EFBC}") = "OutWit.Communication.Server.Pipes.NuGet", "Communication\OutWit.Communication.Server.Pipes\OutWit.Communication.Server.Pipes.NuGet.csproj", "{8B8FECEC-4E4B-4E35-91D0-795C1380060F}"
EndProject
Project("{FAE04EC0-301F-11D3-BF4B-00C04F79EFBC}") = "OutWit.Communication.Server.Rest.NuGet", "Communication\OutWit.Communication.Server.Rest\OutWit.Communication.Server.Rest.NuGet.csproj", "{31805B2B-B3FA-45CE-9796-C1FC5F86C1FE}"
EndProject
Project("{FAE04EC0-301F-11D3-BF4B-00C04F79EFBC}") = "OutWit.Communication.Server.Tcp.NuGet", "Communication\OutWit.Communication.Server.Tcp\OutWit.Communication.Server.Tcp.NuGet.csproj", "{ED2EA36A-4495-4257-BAE0-1D08C6163CD6}"
EndProject
Project("{FAE04EC0-301F-11D3-BF4B-00C04F79EFBC}") = "OutWit.Communication.Server.WebSocket.NuGet", "Communication\OutWit.Communication.Server.WebSocket\OutWit.Communication.Server.WebSocket.NuGet.csproj", "{16E8B8C3-1D43-400F-9E9D-5ACBC18EF25B}"
EndProject
Project("{2150E333-8FDC-42A3-9474-1A3956D46DE8}") = "Server", "Server", "{FC978795-0BD9-4681-84CB-FCA76B37944B}"
EndProject
Project("{2150E333-8FDC-42A3-9474-1A3956D46DE8}") = "Communication", "Communication", "{D9EA7555-D4DB-458C-BA91-2A15C7254D8A}"
EndProject
Project("{2150E333-8FDC-42A3-9474-1A3956D46DE8}") = "InterProcess", "InterProcess", "{865EA3C1-BA34-48DF-9818-0655D853EF5E}"
EndProject
Project("{FAE04EC0-301F-11D3-BF4B-00C04F79EFBC}") = "OutWit.InterProcess.NuGet", "InterProcess\OutWit.InterProcess\OutWit.InterProcess.NuGet.csproj", "{4C0F8E16-05C9-4519-A0E7-6B53AFF777B8}"
EndProject
Project("{FAE04EC0-301F-11D3-BF4B-00C04F79EFBC}") = "OutWit.InterProcess.Agent.NuGet", "InterProcess\OutWit.InterProcess.Agent\OutWit.InterProcess.Agent.NuGet.csproj", "{9BDA450A-ADD2-4F57-BE07-E49651B73763}"
EndProject
Project("{FAE04EC0-301F-11D3-BF4B-00C04F79EFBC}") = "OutWit.InterProcess.Host.NuGet", "InterProcess\OutWit.InterProcess.Host\OutWit.InterProcess.Host.NuGet.csproj", "{B08A4D02-3171-4ACB-AEEB-081F427D4E7C}"
EndProject
Project("{2150E333-8FDC-42A3-9474-1A3956D46DE8}") = "Examples", "Examples", "{2D67E005-E9CA-4FA2-AF90-E264431283A7}"
EndProject
Project("{2150E333-8FDC-42A3-9474-1A3956D46DE8}") = "Services", "Services", "{B1F12408-3047-4F00-876F-6A904720EC33}"
EndProject
Project("{FAE04EC0-301F-11D3-BF4B-00C04F79EFBC}") = "OutWit.Examples.Services.Service.NuGet", "Examples\Services\OutWit.Examples.Services.Service\OutWit.Examples.Services.Service.NuGet.csproj", "{E037F008-F85E-449C-B0E5-90402FE58A7F}"
EndProject
Project("{FAE04EC0-301F-11D3-BF4B-00C04F79EFBC}") = "OutWit.Examples.Services.ClientPipes.NuGet", "Examples\Services\OutWit.Examples.Services.ClientPipes\OutWit.Examples.Services.ClientPipes.NuGet.csproj", "{9123622B-A405-4F2E-9009-3218B16D16C3}"
EndProject
Project("{FAE04EC0-301F-11D3-BF4B-00C04F79EFBC}") = "OutWit.Examples.Services.ClientTcp.NuGet", "Examples\Services\OutWit.Examples.Services.ClientTcp\OutWit.Examples.Services.ClientTcp.NuGet.csproj", "{6D47A367-3593-4BF3-8E69-4C074EA702CA}"
EndProject
Project("{FAE04EC0-301F-11D3-BF4B-00C04F79EFBC}") = "OutWit.Examples.Services.WebSocket.NuGet", "Examples\Services\OutWit.Examples.Services.WebSocket\OutWit.Examples.Services.WebSocket.NuGet.csproj", "{9CD5E54B-50B1-41A9-921C-49E9F3A134A7}"
EndProject
Project("{FAE04EC0-301F-11D3-BF4B-00C04F79EFBC}") = "OutWit.Common.Proxy.NuGet", "Common\OutWit.Common.Proxy\OutWit.Common.Proxy.NuGet.csproj", "{96E712FF-0326-4018-A8DD-CD1AA2A393B4}"
EndProject
Project("{FAE04EC0-301F-11D3-BF4B-00C04F79EFBC}") = "OutWit.Examples.Contracts.NuGet", "Examples\OutWit.Examples.Contracts\OutWit.Examples.Contracts.NuGet.csproj", "{B55147B1-C063-4D62-A74F-1AA84FC72B18}"
EndProject
Project("{FAE04EC0-301F-11D3-BF4B-00C04F79EFBC}") = "OutWit.Examples.Services.NuGet", "Examples\OutWit.Examples.Services\OutWit.Examples.Services.NuGet.csproj", "{3445DCFA-6253-48D5-B186-24FB98834F5D}"
EndProject
Project("{FAE04EC0-301F-11D3-BF4B-00C04F79EFBC}") = "OutWit.Common.Proxy.Generator.NuGet", "Common\OutWit.Common.Proxy.Generator\OutWit.Common.Proxy.Generator.NuGet.csproj", "{0E44816F-B267-449A-BAB9-8EE7E40FD13B}"
EndProject
Project("{FAE04EC0-301F-11D3-BF4B-00C04F79EFBC}") = "OutWit.Examples.Services.ClientStaticProxy.NuGet", "Examples\Services\OutWit.Examples.Services.ClientStaticProxy\OutWit.Examples.Services.ClientStaticProxy.NuGet.csproj", "{2C34563D-B748-4237-8039-13246EBFD5A2}"
EndProject
Project("{FAE04EC0-301F-11D3-BF4B-00C04F79EFBC}") = "OutWit.Examples.Services.ClientBlazor.NuGet", "Examples\Services\OutWit.Examples.Services.ClientBlazor\OutWit.Examples.Services.ClientBlazor.NuGet.csproj", "{484387A4-718C-4080-9F80-4DC344A1F655}"
EndProject
Project("{FAE04EC0-301F-11D3-BF4B-00C04F79EFBC}") = "OutWit.Examples.Services.ClientWinUI.NuGet", "Examples\Services\OutWit.Examples.Services.ClientWinUI\OutWit.Examples.Services.ClientWinUI.NuGet.csproj", "{CB92EABA-0213-426D-AECE-A9176366B1F3}"
EndProject
Global
	GlobalSection(SolutionConfigurationPlatforms) = preSolution
		Debug|Any CPU = Debug|Any CPU
		Release|Any CPU = Release|Any CPU
	EndGlobalSection
	GlobalSection(ProjectConfigurationPlatforms) = postSolution
		{4280D48B-FE8C-41F8-B2D0-07963A3544C6}.Debug|Any CPU.ActiveCfg = Debug|Any CPU
		{4280D48B-FE8C-41F8-B2D0-07963A3544C6}.Debug|Any CPU.Build.0 = Debug|Any CPU
		{4280D48B-FE8C-41F8-B2D0-07963A3544C6}.Release|Any CPU.ActiveCfg = Release|Any CPU
		{4280D48B-FE8C-41F8-B2D0-07963A3544C6}.Release|Any CPU.Build.0 = Release|Any CPU
		{8769B4C1-AC94-4B67-8389-A085B6D33017}.Debug|Any CPU.ActiveCfg = Debug|Any CPU
		{8769B4C1-AC94-4B67-8389-A085B6D33017}.Debug|Any CPU.Build.0 = Debug|Any CPU
		{8769B4C1-AC94-4B67-8389-A085B6D33017}.Release|Any CPU.ActiveCfg = Release|Any CPU
		{8769B4C1-AC94-4B67-8389-A085B6D33017}.Release|Any CPU.Build.0 = Release|Any CPU
		{3ED47C79-D05C-4AA6-A0E4-9A0EC91A00BA}.Debug|Any CPU.ActiveCfg = Debug|Any CPU
		{3ED47C79-D05C-4AA6-A0E4-9A0EC91A00BA}.Debug|Any CPU.Build.0 = Debug|Any CPU
		{3ED47C79-D05C-4AA6-A0E4-9A0EC91A00BA}.Release|Any CPU.ActiveCfg = Release|Any CPU
		{3ED47C79-D05C-4AA6-A0E4-9A0EC91A00BA}.Release|Any CPU.Build.0 = Release|Any CPU
		{881375FC-552A-4491-98B2-4185E6327AB2}.Debug|Any CPU.ActiveCfg = Debug|Any CPU
		{881375FC-552A-4491-98B2-4185E6327AB2}.Debug|Any CPU.Build.0 = Debug|Any CPU
		{881375FC-552A-4491-98B2-4185E6327AB2}.Release|Any CPU.ActiveCfg = Release|Any CPU
		{881375FC-552A-4491-98B2-4185E6327AB2}.Release|Any CPU.Build.0 = Release|Any CPU
		{4FB64B9C-D3CA-44BF-923A-E59E4C5AABC2}.Debug|Any CPU.ActiveCfg = Debug|Any CPU
		{4FB64B9C-D3CA-44BF-923A-E59E4C5AABC2}.Debug|Any CPU.Build.0 = Debug|Any CPU
		{4FB64B9C-D3CA-44BF-923A-E59E4C5AABC2}.Release|Any CPU.ActiveCfg = Release|Any CPU
		{4FB64B9C-D3CA-44BF-923A-E59E4C5AABC2}.Release|Any CPU.Build.0 = Release|Any CPU
		{E5FFA081-74AC-46A8-BC4E-ABD36734DCDF}.Debug|Any CPU.ActiveCfg = Debug|Any CPU
		{E5FFA081-74AC-46A8-BC4E-ABD36734DCDF}.Debug|Any CPU.Build.0 = Debug|Any CPU
		{E5FFA081-74AC-46A8-BC4E-ABD36734DCDF}.Release|Any CPU.ActiveCfg = Release|Any CPU
		{E5FFA081-74AC-46A8-BC4E-ABD36734DCDF}.Release|Any CPU.Build.0 = Release|Any CPU
		{6B6E60B1-8DA4-44F7-9E9F-49F45631D4F1}.Debug|Any CPU.ActiveCfg = Debug|Any CPU
		{6B6E60B1-8DA4-44F7-9E9F-49F45631D4F1}.Debug|Any CPU.Build.0 = Debug|Any CPU
		{6B6E60B1-8DA4-44F7-9E9F-49F45631D4F1}.Release|Any CPU.ActiveCfg = Release|Any CPU
		{6B6E60B1-8DA4-44F7-9E9F-49F45631D4F1}.Release|Any CPU.Build.0 = Release|Any CPU
		{1391B51C-87FF-4805-AA9C-A5E67CB769C4}.Debug|Any CPU.ActiveCfg = Debug|Any CPU
		{1391B51C-87FF-4805-AA9C-A5E67CB769C4}.Debug|Any CPU.Build.0 = Debug|Any CPU
		{1391B51C-87FF-4805-AA9C-A5E67CB769C4}.Release|Any CPU.ActiveCfg = Release|Any CPU
		{1391B51C-87FF-4805-AA9C-A5E67CB769C4}.Release|Any CPU.Build.0 = Release|Any CPU
		{14AF0909-F42D-447F-8809-9CAF9A80159A}.Debug|Any CPU.ActiveCfg = Debug|Any CPU
		{14AF0909-F42D-447F-8809-9CAF9A80159A}.Debug|Any CPU.Build.0 = Debug|Any CPU
		{14AF0909-F42D-447F-8809-9CAF9A80159A}.Release|Any CPU.ActiveCfg = Release|Any CPU
		{14AF0909-F42D-447F-8809-9CAF9A80159A}.Release|Any CPU.Build.0 = Release|Any CPU
		{E67B9C61-9B89-451E-9586-0A9BFCA0BB46}.Debug|Any CPU.ActiveCfg = Debug|Any CPU
		{E67B9C61-9B89-451E-9586-0A9BFCA0BB46}.Debug|Any CPU.Build.0 = Debug|Any CPU
		{E67B9C61-9B89-451E-9586-0A9BFCA0BB46}.Release|Any CPU.ActiveCfg = Release|Any CPU
		{E67B9C61-9B89-451E-9586-0A9BFCA0BB46}.Release|Any CPU.Build.0 = Release|Any CPU
		{09502E5F-FE18-486D-A27F-E14FB6627D80}.Debug|Any CPU.ActiveCfg = Debug|Any CPU
		{09502E5F-FE18-486D-A27F-E14FB6627D80}.Debug|Any CPU.Build.0 = Debug|Any CPU
		{09502E5F-FE18-486D-A27F-E14FB6627D80}.Release|Any CPU.ActiveCfg = Release|Any CPU
		{09502E5F-FE18-486D-A27F-E14FB6627D80}.Release|Any CPU.Build.0 = Release|Any CPU
		{1C4E443C-AEC1-47E1-9EAD-0BFD67741FDA}.Debug|Any CPU.ActiveCfg = Debug|Any CPU
		{1C4E443C-AEC1-47E1-9EAD-0BFD67741FDA}.Debug|Any CPU.Build.0 = Debug|Any CPU
		{1C4E443C-AEC1-47E1-9EAD-0BFD67741FDA}.Release|Any CPU.ActiveCfg = Release|Any CPU
		{1C4E443C-AEC1-47E1-9EAD-0BFD67741FDA}.Release|Any CPU.Build.0 = Release|Any CPU
		{8B8FECEC-4E4B-4E35-91D0-795C1380060F}.Debug|Any CPU.ActiveCfg = Debug|Any CPU
		{8B8FECEC-4E4B-4E35-91D0-795C1380060F}.Debug|Any CPU.Build.0 = Debug|Any CPU
		{8B8FECEC-4E4B-4E35-91D0-795C1380060F}.Release|Any CPU.ActiveCfg = Release|Any CPU
		{8B8FECEC-4E4B-4E35-91D0-795C1380060F}.Release|Any CPU.Build.0 = Release|Any CPU
		{31805B2B-B3FA-45CE-9796-C1FC5F86C1FE}.Debug|Any CPU.ActiveCfg = Debug|Any CPU
		{31805B2B-B3FA-45CE-9796-C1FC5F86C1FE}.Debug|Any CPU.Build.0 = Debug|Any CPU
		{31805B2B-B3FA-45CE-9796-C1FC5F86C1FE}.Release|Any CPU.ActiveCfg = Release|Any CPU
		{31805B2B-B3FA-45CE-9796-C1FC5F86C1FE}.Release|Any CPU.Build.0 = Release|Any CPU
		{ED2EA36A-4495-4257-BAE0-1D08C6163CD6}.Debug|Any CPU.ActiveCfg = Debug|Any CPU
		{ED2EA36A-4495-4257-BAE0-1D08C6163CD6}.Debug|Any CPU.Build.0 = Debug|Any CPU
		{ED2EA36A-4495-4257-BAE0-1D08C6163CD6}.Release|Any CPU.ActiveCfg = Release|Any CPU
		{ED2EA36A-4495-4257-BAE0-1D08C6163CD6}.Release|Any CPU.Build.0 = Release|Any CPU
		{16E8B8C3-1D43-400F-9E9D-5ACBC18EF25B}.Debug|Any CPU.ActiveCfg = Debug|Any CPU
		{16E8B8C3-1D43-400F-9E9D-5ACBC18EF25B}.Debug|Any CPU.Build.0 = Debug|Any CPU
		{16E8B8C3-1D43-400F-9E9D-5ACBC18EF25B}.Release|Any CPU.ActiveCfg = Release|Any CPU
		{16E8B8C3-1D43-400F-9E9D-5ACBC18EF25B}.Release|Any CPU.Build.0 = Release|Any CPU
		{4C0F8E16-05C9-4519-A0E7-6B53AFF777B8}.Debug|Any CPU.ActiveCfg = Debug|Any CPU
		{4C0F8E16-05C9-4519-A0E7-6B53AFF777B8}.Debug|Any CPU.Build.0 = Debug|Any CPU
		{4C0F8E16-05C9-4519-A0E7-6B53AFF777B8}.Release|Any CPU.ActiveCfg = Release|Any CPU
		{4C0F8E16-05C9-4519-A0E7-6B53AFF777B8}.Release|Any CPU.Build.0 = Release|Any CPU
		{9BDA450A-ADD2-4F57-BE07-E49651B73763}.Debug|Any CPU.ActiveCfg = Debug|Any CPU
		{9BDA450A-ADD2-4F57-BE07-E49651B73763}.Debug|Any CPU.Build.0 = Debug|Any CPU
		{9BDA450A-ADD2-4F57-BE07-E49651B73763}.Release|Any CPU.ActiveCfg = Release|Any CPU
		{9BDA450A-ADD2-4F57-BE07-E49651B73763}.Release|Any CPU.Build.0 = Release|Any CPU
		{B08A4D02-3171-4ACB-AEEB-081F427D4E7C}.Debug|Any CPU.ActiveCfg = Debug|Any CPU
		{B08A4D02-3171-4ACB-AEEB-081F427D4E7C}.Debug|Any CPU.Build.0 = Debug|Any CPU
		{B08A4D02-3171-4ACB-AEEB-081F427D4E7C}.Release|Any CPU.ActiveCfg = Release|Any CPU
		{B08A4D02-3171-4ACB-AEEB-081F427D4E7C}.Release|Any CPU.Build.0 = Release|Any CPU
		{E037F008-F85E-449C-B0E5-90402FE58A7F}.Debug|Any CPU.ActiveCfg = Debug|Any CPU
		{E037F008-F85E-449C-B0E5-90402FE58A7F}.Debug|Any CPU.Build.0 = Debug|Any CPU
		{E037F008-F85E-449C-B0E5-90402FE58A7F}.Release|Any CPU.ActiveCfg = Release|Any CPU
		{E037F008-F85E-449C-B0E5-90402FE58A7F}.Release|Any CPU.Build.0 = Release|Any CPU
		{9123622B-A405-4F2E-9009-3218B16D16C3}.Debug|Any CPU.ActiveCfg = Debug|Any CPU
		{9123622B-A405-4F2E-9009-3218B16D16C3}.Debug|Any CPU.Build.0 = Debug|Any CPU
		{9123622B-A405-4F2E-9009-3218B16D16C3}.Release|Any CPU.ActiveCfg = Release|Any CPU
		{9123622B-A405-4F2E-9009-3218B16D16C3}.Release|Any CPU.Build.0 = Release|Any CPU
		{6D47A367-3593-4BF3-8E69-4C074EA702CA}.Debug|Any CPU.ActiveCfg = Debug|Any CPU
		{6D47A367-3593-4BF3-8E69-4C074EA702CA}.Debug|Any CPU.Build.0 = Debug|Any CPU
		{6D47A367-3593-4BF3-8E69-4C074EA702CA}.Release|Any CPU.ActiveCfg = Release|Any CPU
		{6D47A367-3593-4BF3-8E69-4C074EA702CA}.Release|Any CPU.Build.0 = Release|Any CPU
		{9CD5E54B-50B1-41A9-921C-49E9F3A134A7}.Debug|Any CPU.ActiveCfg = Debug|Any CPU
		{9CD5E54B-50B1-41A9-921C-49E9F3A134A7}.Debug|Any CPU.Build.0 = Debug|Any CPU
		{9CD5E54B-50B1-41A9-921C-49E9F3A134A7}.Release|Any CPU.ActiveCfg = Release|Any CPU
		{9CD5E54B-50B1-41A9-921C-49E9F3A134A7}.Release|Any CPU.Build.0 = Release|Any CPU
		{96E712FF-0326-4018-A8DD-CD1AA2A393B4}.Debug|Any CPU.ActiveCfg = Debug|Any CPU
		{96E712FF-0326-4018-A8DD-CD1AA2A393B4}.Debug|Any CPU.Build.0 = Debug|Any CPU
		{96E712FF-0326-4018-A8DD-CD1AA2A393B4}.Release|Any CPU.ActiveCfg = Release|Any CPU
		{96E712FF-0326-4018-A8DD-CD1AA2A393B4}.Release|Any CPU.Build.0 = Release|Any CPU
		{B55147B1-C063-4D62-A74F-1AA84FC72B18}.Debug|Any CPU.ActiveCfg = Debug|Any CPU
		{B55147B1-C063-4D62-A74F-1AA84FC72B18}.Debug|Any CPU.Build.0 = Debug|Any CPU
		{B55147B1-C063-4D62-A74F-1AA84FC72B18}.Release|Any CPU.ActiveCfg = Release|Any CPU
		{B55147B1-C063-4D62-A74F-1AA84FC72B18}.Release|Any CPU.Build.0 = Release|Any CPU
		{3445DCFA-6253-48D5-B186-24FB98834F5D}.Debug|Any CPU.ActiveCfg = Debug|Any CPU
		{3445DCFA-6253-48D5-B186-24FB98834F5D}.Debug|Any CPU.Build.0 = Debug|Any CPU
		{3445DCFA-6253-48D5-B186-24FB98834F5D}.Release|Any CPU.ActiveCfg = Release|Any CPU
		{3445DCFA-6253-48D5-B186-24FB98834F5D}.Release|Any CPU.Build.0 = Release|Any CPU
		{0E44816F-B267-449A-BAB9-8EE7E40FD13B}.Debug|Any CPU.ActiveCfg = Debug|Any CPU
		{0E44816F-B267-449A-BAB9-8EE7E40FD13B}.Debug|Any CPU.Build.0 = Debug|Any CPU
		{0E44816F-B267-449A-BAB9-8EE7E40FD13B}.Release|Any CPU.ActiveCfg = Release|Any CPU
		{0E44816F-B267-449A-BAB9-8EE7E40FD13B}.Release|Any CPU.Build.0 = Release|Any CPU
		{2C34563D-B748-4237-8039-13246EBFD5A2}.Debug|Any CPU.ActiveCfg = Debug|Any CPU
		{2C34563D-B748-4237-8039-13246EBFD5A2}.Debug|Any CPU.Build.0 = Debug|Any CPU
		{2C34563D-B748-4237-8039-13246EBFD5A2}.Release|Any CPU.ActiveCfg = Release|Any CPU
		{2C34563D-B748-4237-8039-13246EBFD5A2}.Release|Any CPU.Build.0 = Release|Any CPU
		{484387A4-718C-4080-9F80-4DC344A1F655}.Debug|Any CPU.ActiveCfg = Debug|Any CPU
		{484387A4-718C-4080-9F80-4DC344A1F655}.Debug|Any CPU.Build.0 = Debug|Any CPU
		{484387A4-718C-4080-9F80-4DC344A1F655}.Release|Any CPU.ActiveCfg = Release|Any CPU
		{484387A4-718C-4080-9F80-4DC344A1F655}.Release|Any CPU.Build.0 = Release|Any CPU
		{CB92EABA-0213-426D-AECE-A9176366B1F3}.Debug|Any CPU.ActiveCfg = Debug|x64
		{CB92EABA-0213-426D-AECE-A9176366B1F3}.Debug|Any CPU.Build.0 = Debug|x64
		{CB92EABA-0213-426D-AECE-A9176366B1F3}.Debug|Any CPU.Deploy.0 = Debug|x64
		{CB92EABA-0213-426D-AECE-A9176366B1F3}.Release|Any CPU.ActiveCfg = Release|x64
		{CB92EABA-0213-426D-AECE-A9176366B1F3}.Release|Any CPU.Build.0 = Release|x64
		{CB92EABA-0213-426D-AECE-A9176366B1F3}.Release|Any CPU.Deploy.0 = Release|x64
	EndGlobalSection
	GlobalSection(SolutionProperties) = preSolution
		HideSolutionNode = FALSE
	EndGlobalSection
	GlobalSection(NestedProjects) = preSolution
		{4280D48B-FE8C-41F8-B2D0-07963A3544C6} = {C1171D72-4936-4721-84B2-451A3EAFEB25}
		{8769B4C1-AC94-4B67-8389-A085B6D33017} = {C1171D72-4936-4721-84B2-451A3EAFEB25}
		{3ED47C79-D05C-4AA6-A0E4-9A0EC91A00BA} = {C1171D72-4936-4721-84B2-451A3EAFEB25}
		{881375FC-552A-4491-98B2-4185E6327AB2} = {D9EA7555-D4DB-458C-BA91-2A15C7254D8A}
		{4FB64B9C-D3CA-44BF-923A-E59E4C5AABC2} = {39839A76-C003-468B-86E9-B2DEE1EFE917}
		{E5FFA081-74AC-46A8-BC4E-ABD36734DCDF} = {39839A76-C003-468B-86E9-B2DEE1EFE917}
		{6B6E60B1-8DA4-44F7-9E9F-49F45631D4F1} = {39839A76-C003-468B-86E9-B2DEE1EFE917}
		{1391B51C-87FF-4805-AA9C-A5E67CB769C4} = {39839A76-C003-468B-86E9-B2DEE1EFE917}
		{14AF0909-F42D-447F-8809-9CAF9A80159A} = {39839A76-C003-468B-86E9-B2DEE1EFE917}
		{E67B9C61-9B89-451E-9586-0A9BFCA0BB46} = {39839A76-C003-468B-86E9-B2DEE1EFE917}
		{09502E5F-FE18-486D-A27F-E14FB6627D80} = {FC978795-0BD9-4681-84CB-FCA76B37944B}
		{39839A76-C003-468B-86E9-B2DEE1EFE917} = {D9EA7555-D4DB-458C-BA91-2A15C7254D8A}
		{1C4E443C-AEC1-47E1-9EAD-0BFD67741FDA} = {FC978795-0BD9-4681-84CB-FCA76B37944B}
		{8B8FECEC-4E4B-4E35-91D0-795C1380060F} = {FC978795-0BD9-4681-84CB-FCA76B37944B}
		{31805B2B-B3FA-45CE-9796-C1FC5F86C1FE} = {FC978795-0BD9-4681-84CB-FCA76B37944B}
		{ED2EA36A-4495-4257-BAE0-1D08C6163CD6} = {FC978795-0BD9-4681-84CB-FCA76B37944B}
		{16E8B8C3-1D43-400F-9E9D-5ACBC18EF25B} = {FC978795-0BD9-4681-84CB-FCA76B37944B}
		{FC978795-0BD9-4681-84CB-FCA76B37944B} = {D9EA7555-D4DB-458C-BA91-2A15C7254D8A}
		{4C0F8E16-05C9-4519-A0E7-6B53AFF777B8} = {865EA3C1-BA34-48DF-9818-0655D853EF5E}
		{9BDA450A-ADD2-4F57-BE07-E49651B73763} = {865EA3C1-BA34-48DF-9818-0655D853EF5E}
		{B08A4D02-3171-4ACB-AEEB-081F427D4E7C} = {865EA3C1-BA34-48DF-9818-0655D853EF5E}
		{B1F12408-3047-4F00-876F-6A904720EC33} = {2D67E005-E9CA-4FA2-AF90-E264431283A7}
		{E037F008-F85E-449C-B0E5-90402FE58A7F} = {B1F12408-3047-4F00-876F-6A904720EC33}
		{9123622B-A405-4F2E-9009-3218B16D16C3} = {B1F12408-3047-4F00-876F-6A904720EC33}
		{6D47A367-3593-4BF3-8E69-4C074EA702CA} = {B1F12408-3047-4F00-876F-6A904720EC33}
		{9CD5E54B-50B1-41A9-921C-49E9F3A134A7} = {B1F12408-3047-4F00-876F-6A904720EC33}
		{96E712FF-0326-4018-A8DD-CD1AA2A393B4} = {C1171D72-4936-4721-84B2-451A3EAFEB25}
		{B55147B1-C063-4D62-A74F-1AA84FC72B18} = {2D67E005-E9CA-4FA2-AF90-E264431283A7}
		{3445DCFA-6253-48D5-B186-24FB98834F5D} = {2D67E005-E9CA-4FA2-AF90-E264431283A7}
		{0E44816F-B267-449A-BAB9-8EE7E40FD13B} = {C1171D72-4936-4721-84B2-451A3EAFEB25}
		{2C34563D-B748-4237-8039-13246EBFD5A2} = {B1F12408-3047-4F00-876F-6A904720EC33}
		{484387A4-718C-4080-9F80-4DC344A1F655} = {B1F12408-3047-4F00-876F-6A904720EC33}
		{CB92EABA-0213-426D-AECE-A9176366B1F3} = {B1F12408-3047-4F00-876F-6A904720EC33}
	EndGlobalSection
EndGlobal
