
Microsoft Visual Studio Solution File, Format Version 12.00
# Visual Studio Version 17
VisualStudioVersion = 17.11.35312.102
MinimumVisualStudioVersion = 10.0.40219.1
Project("{2150E333-8FDC-42A3-9474-1A3956D46DE8}") = "Communication", "Communication", "{EABD8CFD-B082-4669-A1D1-8C9F01BD77AC}"
EndProject
Project("{FAE04EC0-301F-11D3-BF4B-00C04F79EFBC}") = "OutWit.Communication", "Communication\OutWit.Communication\OutWit.Communication.csproj", "{703927F4-180F-4496-821D-161D8C23A468}"
EndProject
Project("{FAE04EC0-301F-11D3-BF4B-00C04F79EFBC}") = "OutWit.Communication.Client", "Communication\OutWit.Communication.Client\OutWit.Communication.Client.csproj", "{D6F81899-A25C-4ED4-B4A1-65058BEB3B52}"
EndProject
Project("{FAE04EC0-301F-11D3-BF4B-00C04F79EFBC}") = "OutWit.Communication.Server", "Communication\OutWit.Communication.Server\OutWit.Communication.Server.csproj", "{6A18DB57-AE97-4EBA-A0A2-3C3B36C970B5}"
EndProject
Project("{FAE04EC0-301F-11D3-BF4B-00C04F79EFBC}") = "OutWit.Communication.Client.Pipes", "Communication\OutWit.Communication.Client.Pipes\OutWit.Communication.Client.Pipes.csproj", "{9551B72D-C66E-4A87-80CF-4FDE17ABFEA7}"
EndProject
Project("{FAE04EC0-301F-11D3-BF4B-00C04F79EFBC}") = "OutWit.Communication.Server.Pipes", "Communication\OutWit.Communication.Server.Pipes\OutWit.Communication.Server.Pipes.csproj", "{F13452DF-24B6-47C6-BB83-AE724DEC6345}"
EndProject
Project("{FAE04EC0-301F-11D3-BF4B-00C04F79EFBC}") = "OutWit.Communication.Tests", "Communication\OutWit.Communication.Tests\OutWit.Communication.Tests.csproj", "{7E3F4CD0-3B92-45CA-A3C6-A8BBCAAA121E}"
EndProject
Project("{FAE04EC0-301F-11D3-BF4B-00C04F79EFBC}") = "OutWit.Communication.Client.Tcp", "Communication\OutWit.Communication.Client.Tcp\OutWit.Communication.Client.Tcp.csproj", "{312B50D5-0A91-4927-A44A-691EE00E9F87}"
EndProject
Project("{FAE04EC0-301F-11D3-BF4B-00C04F79EFBC}") = "OutWit.Communication.Server.Tcp", "Communication\OutWit.Communication.Server.Tcp\OutWit.Communication.Server.Tcp.csproj", "{84FC3E56-516D-42F1-8A98-14CF18F9E68C}"
EndProject
Project("{FAE04EC0-301F-11D3-BF4B-00C04F79EFBC}") = "OutWit.Communication.Client.WebSocket", "Communication\OutWit.Communication.Client.WebSocket\OutWit.Communication.Client.WebSocket.csproj", "{4C93444E-7E9C-43E0-8323-73FEBB4FDA93}"
EndProject
Project("{FAE04EC0-301F-11D3-BF4B-00C04F79EFBC}") = "OutWit.Communication.Server.WebSocket", "Communication\OutWit.Communication.Server.WebSocket\OutWit.Communication.Server.WebSocket.csproj", "{B9B80F8A-0A71-45F7-B866-3715879747B8}"
EndProject
Project("{FAE04EC0-301F-11D3-BF4B-00C04F79EFBC}") = "OutWit.Communication.Client.MMF", "Communication\OutWit.Communication.Client.MMF\OutWit.Communication.Client.MMF.csproj", "{9129CAD5-7C51-42FB-AA18-0FD9DB1F83D9}"
EndProject
Project("{FAE04EC0-301F-11D3-BF4B-00C04F79EFBC}") = "OutWit.Communication.Server.MMF", "Communication\OutWit.Communication.Server.MMF\OutWit.Communication.Server.MMF.csproj", "{21C7750F-5063-41F2-9A14-F4C29AEB04F9}"
EndProject
Project("{FAE04EC0-301F-11D3-BF4B-00C04F79EFBC}") = "OutWit.Communication.Client.Rest", "Communication\OutWit.Communication.Client.Rest\OutWit.Communication.Client.Rest.csproj", "{D8EAA1E3-0C69-4E14-890A-0D39A5B6CA0E}"
EndProject
Project("{FAE04EC0-301F-11D3-BF4B-00C04F79EFBC}") = "OutWit.Communication.Server.Rest", "Communication\OutWit.Communication.Server.Rest\OutWit.Communication.Server.Rest.csproj", "{90A027B4-0A8A-459E-8D2A-8A190D6AAEE2}"
EndProject
Project("{2150E333-8FDC-42A3-9474-1A3956D46DE8}") = "Examples", "Examples", "{B511C1EC-E3B8-48AF-A1D9-6EF792D2B0F1}"
EndProject
Project("{2150E333-8FDC-42A3-9474-1A3956D46DE8}") = "InterProcess", "InterProcess", "{23E2CAC8-48CD-4DC9-B43B-5325C33C0CE4}"
EndProject
Project("{2150E333-8FDC-42A3-9474-1A3956D46DE8}") = "InterProcess", "InterProcess", "{0E4B93FB-B407-4D21-A137-9316738F30E1}"
EndProject
Project("{FAE04EC0-301F-11D3-BF4B-00C04F79EFBC}") = "OutWit.InterProcess.Agent", "InterProcess\OutWit.InterProcess.Agent\OutWit.InterProcess.Agent.csproj", "{C6E26CB7-5CEC-487D-B5C6-BC32068E05D5}"
EndProject
Project("{FAE04EC0-301F-11D3-BF4B-00C04F79EFBC}") = "OutWit.InterProcess.Tests", "InterProcess\OutWit.InterProcess.Tests\OutWit.InterProcess.Tests.csproj", "{68911681-D0D4-4BF6-BC7F-4A73C2086A4A}"
EndProject
Project("{FAE04EC0-301F-11D3-BF4B-00C04F79EFBC}") = "OutWit.Examples.Contracts", "Examples\OutWit.Examples.Contracts\OutWit.Examples.Contracts.csproj", "{8F9368A0-B9EA-47C4-B203-34CC223D5010}"
EndProject
Project("{FAE04EC0-301F-11D3-BF4B-00C04F79EFBC}") = "OutWit.Examples.Services", "Examples\OutWit.Examples.Services\OutWit.Examples.Services.csproj", "{055E6617-DE34-4248-8F7B-D1F3AA43AECB}"
EndProject
Project("{FAE04EC0-301F-11D3-BF4B-00C04F79EFBC}") = "OutWit.InterProcess", "InterProcess\OutWit.InterProcess\OutWit.InterProcess.csproj", "{3D883F89-2731-4255-9CF1-DE76BC5274BB}"
EndProject
Project("{FAE04EC0-301F-11D3-BF4B-00C04F79EFBC}") = "OutWit.InterProcess.Host", "InterProcess\OutWit.InterProcess.Host\OutWit.InterProcess.Host.csproj", "{62971819-48F7-4B9E-9117-964FCBEF494C}"
EndProject
Project("{FAE04EC0-301F-11D3-BF4B-00C04F79EFBC}") = "OutWit.Examples.InterProcess.Shared", "Examples\InterProcess\OutWit.Examples.InterProcess.Shared\OutWit.Examples.InterProcess.Shared.csproj", "{50EDE43A-DFE8-4E31-84C2-34FA780ECA3F}"
EndProject
Project("{FAE04EC0-301F-11D3-BF4B-00C04F79EFBC}") = "OutWit.Examples.InterProcess.BasicHost", "Examples\InterProcess\OutWit.Examples.InterProcess.BasicHost\OutWit.Examples.InterProcess.BasicHost.csproj", "{921E041A-5030-427A-BD2E-4ACE4C29C5FB}"
EndProject
Project("{FAE04EC0-301F-11D3-BF4B-00C04F79EFBC}") = "OutWit.Examples.InterProcess.BasicAgent", "Examples\InterProcess\OutWit.Examples.InterProcess.BasicAgent\OutWit.Examples.InterProcess.BasicAgent.csproj", "{9E315B5F-94C6-4CC5-B023-03135FDF6AF8}"
EndProject
Project("{2150E333-8FDC-42A3-9474-1A3956D46DE8}") = "Services", "Services", "{A0ADC422-1C02-4A84-A732-5E7497DE07DD}"
EndProject
Project("{FAE04EC0-301F-11D3-BF4B-00C04F79EFBC}") = "OutWit.Examples.Services.Service", "Examples\Services\OutWit.Examples.Services.Service\OutWit.Examples.Services.Service.csproj", "{EA1AFB64-D454-4999-9E8D-E0F5A139969E}"
EndProject
Project("{FAE04EC0-301F-11D3-BF4B-00C04F79EFBC}") = "OutWit.Examples.Services.ClientPipes", "Examples\Services\OutWit.Examples.Services.ClientPipes\OutWit.Examples.Services.ClientPipes.csproj", "{1436C9E6-3F75-4AA3-BBBD-081209510A01}"
EndProject
Project("{FAE04EC0-301F-11D3-BF4B-00C04F79EFBC}") = "OutWit.Examples.Services.WebSocket", "Examples\Services\OutWit.Examples.Services.WebSocket\OutWit.Examples.Services.WebSocket.csproj", "{897EDEE0-E1CE-47BC-8344-BBACC2274576}"
EndProject
Project("{FAE04EC0-301F-11D3-BF4B-00C04F79EFBC}") = "OutWit.Examples.Services.ClientTcp", "Examples\Services\OutWit.Examples.Services.ClientTcp\OutWit.Examples.Services.ClientTcp.csproj", "{D954CA71-2843-44E5-88AC-A85EA0D25094}"
EndProject
Project("{FAE04EC0-301F-11D3-BF4B-00C04F79EFBC}") = "OutWit.Examples.Services.ClientStaticProxy", "Examples\Services\OutWit.Examples.Services.ClientStaticProxy\OutWit.Examples.Services.ClientStaticProxy.csproj", "{E1B9C499-572D-474D-9D1D-D11F3291EACC}"
EndProject
Project("{FAE04EC0-301F-11D3-BF4B-00C04F79EFBC}") = "OutWit.Examples.Services.ClientBlazor", "Examples\Services\OutWit.Examples.Services.ClientBlazor\OutWit.Examples.Services.ClientBlazor.csproj", "{1435B566-1C26-4F02-ADDC-3349D2B91D3C}"
EndProject
Project("{FAE04EC0-301F-11D3-BF4B-00C04F79EFBC}") = "OutWit.Examples.Services.ClientWinUI", "Examples\Services\OutWit.Examples.Services.ClientWinUI\OutWit.Examples.Services.ClientWinUI.csproj", "{A2DA8B2B-AA34-4704-9FE5-4A423B25AC1C}"
EndProject
Project("{2150E333-8FDC-42A3-9474-1A3956D46DE8}") = "Discovery", "Discovery", "{E8F84E34-F012-44B5-B47D-E1BBCEA27778}"
EndProject
Project("{FAE04EC0-301F-11D3-BF4B-00C04F79EFBC}") = "OutWit.Examples.Discovery.Server", "Examples\Discovery\OutWit.Examples.Discovery.Server\OutWit.Examples.Discovery.Server.csproj", "{7EB72B29-89F6-40B5-B9E4-A7C701985885}"
EndProject
Project("{FAE04EC0-301F-11D3-BF4B-00C04F79EFBC}") = "OutWit.Examples.Discovery.Client", "Examples\Discovery\OutWit.Examples.Discovery.Client\OutWit.Examples.Discovery.Client.csproj", "{DF49317E-E2E6-44C6-9D91-DD5584A90DD2}"
EndProject
Project("{2150E333-8FDC-42A3-9474-1A3956D46DE8}") = "Benchmark", "Benchmark", "{E7405099-6743-4586-AD89-02EA19B1792B}"
EndProject
Project("{FAE04EC0-301F-11D3-BF4B-00C04F79EFBC}") = "OutWit.Examples.Benchmark.Server", "Examples\Benchmark\OutWit.Examples.Benchmark.Server\OutWit.Examples.Benchmark.Server.csproj", "{B53C9EE5-D75C-4C87-8F55-572692CBD778}"
EndProject
Project("{FAE04EC0-301F-11D3-BF4B-00C04F79EFBC}") = "OutWit.Examples.Benchmark.Client", "Examples\Benchmark\OutWit.Examples.Benchmark.Client\OutWit.Examples.Benchmark.Client.csproj", "{2FC417AA-6E68-4AE9-ADFF-4F0E8F37BA2D}"
EndProject
Project("{2150E333-8FDC-42A3-9474-1A3956D46DE8}") = "@Build", "@Build", "{02EA681E-C7D8-13C7-8484-4AC65E1B71E8}"
	ProjectSection(SolutionItems) = preProject
		README.md = README.md
	EndProjectSection
EndProject
Project("{2150E333-8FDC-42A3-9474-1A3956D46DE8}") = "Communication", "Communication", "{DE98CDB6-750E-4ABC-9506-B4BE9C0C20DE}"
	ProjectSection(SolutionItems) = preProject
		Communication\Directory.Build.props = Communication\Directory.Build.props
	EndProjectSection
EndProject
Project("{2150E333-8FDC-42A3-9474-1A3956D46DE8}") = "InterProcess", "InterProcess", "{72AE273F-5ACF-4499-BB00-7C5783CE2AD3}"
	ProjectSection(SolutionItems) = preProject
		InterProcess\Directory.Build.props = InterProcess\Directory.Build.props
	EndProjectSection
EndProject
Global
	GlobalSection(SolutionConfigurationPlatforms) = preSolution
		Debug|Any CPU = Debug|Any CPU
		Debug|x64 = Debug|x64
		Debug|x86 = Debug|x86
		Net5|Any CPU = Net5|Any CPU
		Net5|x64 = Net5|x64
		Net5|x86 = Net5|x86
		Release|Any CPU = Release|Any CPU
		Release|x64 = Release|x64
		Release|x86 = Release|x86
	EndGlobalSection
	GlobalSection(ProjectConfigurationPlatforms) = postSolution
		{703927F4-180F-4496-821D-161D8C23A468}.Debug|Any CPU.ActiveCfg = Debug|Any CPU
		{703927F4-180F-4496-821D-161D8C23A468}.Debug|Any CPU.Build.0 = Debug|Any CPU
		{703927F4-180F-4496-821D-161D8C23A468}.Debug|x64.ActiveCfg = Debug|Any CPU
		{703927F4-180F-4496-821D-161D8C23A468}.Debug|x64.Build.0 = Debug|Any CPU
		{703927F4-180F-4496-821D-161D8C23A468}.Debug|x86.ActiveCfg = Debug|Any CPU
		{703927F4-180F-4496-821D-161D8C23A468}.Debug|x86.Build.0 = Debug|Any CPU
		{703927F4-180F-4496-821D-161D8C23A468}.Net5|Any CPU.ActiveCfg = Debug|Any CPU
		{703927F4-180F-4496-821D-161D8C23A468}.Net5|Any CPU.Build.0 = Debug|Any CPU
		{703927F4-180F-4496-821D-161D8C23A468}.Net5|x64.ActiveCfg = Debug|Any CPU
		{703927F4-180F-4496-821D-161D8C23A468}.Net5|x64.Build.0 = Debug|Any CPU
		{703927F4-180F-4496-821D-161D8C23A468}.Net5|x86.ActiveCfg = Debug|Any CPU
		{703927F4-180F-4496-821D-161D8C23A468}.Net5|x86.Build.0 = Debug|Any CPU
		{703927F4-180F-4496-821D-161D8C23A468}.Release|Any CPU.ActiveCfg = Release|Any CPU
		{703927F4-180F-4496-821D-161D8C23A468}.Release|Any CPU.Build.0 = Release|Any CPU
		{703927F4-180F-4496-821D-161D8C23A468}.Release|x64.ActiveCfg = Release|Any CPU
		{703927F4-180F-4496-821D-161D8C23A468}.Release|x64.Build.0 = Release|Any CPU
		{703927F4-180F-4496-821D-161D8C23A468}.Release|x86.ActiveCfg = Release|Any CPU
		{703927F4-180F-4496-821D-161D8C23A468}.Release|x86.Build.0 = Release|Any CPU
		{D6F81899-A25C-4ED4-B4A1-65058BEB3B52}.Debug|Any CPU.ActiveCfg = Debug|Any CPU
		{D6F81899-A25C-4ED4-B4A1-65058BEB3B52}.Debug|Any CPU.Build.0 = Debug|Any CPU
		{D6F81899-A25C-4ED4-B4A1-65058BEB3B52}.Debug|x64.ActiveCfg = Debug|Any CPU
		{D6F81899-A25C-4ED4-B4A1-65058BEB3B52}.Debug|x64.Build.0 = Debug|Any CPU
		{D6F81899-A25C-4ED4-B4A1-65058BEB3B52}.Debug|x86.ActiveCfg = Debug|Any CPU
		{D6F81899-A25C-4ED4-B4A1-65058BEB3B52}.Debug|x86.Build.0 = Debug|Any CPU
		{D6F81899-A25C-4ED4-B4A1-65058BEB3B52}.Net5|Any CPU.ActiveCfg = Debug|Any CPU
		{D6F81899-A25C-4ED4-B4A1-65058BEB3B52}.Net5|Any CPU.Build.0 = Debug|Any CPU
		{D6F81899-A25C-4ED4-B4A1-65058BEB3B52}.Net5|x64.ActiveCfg = Debug|Any CPU
		{D6F81899-A25C-4ED4-B4A1-65058BEB3B52}.Net5|x64.Build.0 = Debug|Any CPU
		{D6F81899-A25C-4ED4-B4A1-65058BEB3B52}.Net5|x86.ActiveCfg = Debug|Any CPU
		{D6F81899-A25C-4ED4-B4A1-65058BEB3B52}.Net5|x86.Build.0 = Debug|Any CPU
		{D6F81899-A25C-4ED4-B4A1-65058BEB3B52}.Release|Any CPU.ActiveCfg = Release|Any CPU
		{D6F81899-A25C-4ED4-B4A1-65058BEB3B52}.Release|Any CPU.Build.0 = Release|Any CPU
		{D6F81899-A25C-4ED4-B4A1-65058BEB3B52}.Release|x64.ActiveCfg = Release|Any CPU
		{D6F81899-A25C-4ED4-B4A1-65058BEB3B52}.Release|x64.Build.0 = Release|Any CPU
		{D6F81899-A25C-4ED4-B4A1-65058BEB3B52}.Release|x86.ActiveCfg = Release|Any CPU
		{D6F81899-A25C-4ED4-B4A1-65058BEB3B52}.Release|x86.Build.0 = Release|Any CPU
		{6A18DB57-AE97-4EBA-A0A2-3C3B36C970B5}.Debug|Any CPU.ActiveCfg = Debug|Any CPU
		{6A18DB57-AE97-4EBA-A0A2-3C3B36C970B5}.Debug|Any CPU.Build.0 = Debug|Any CPU
		{6A18DB57-AE97-4EBA-A0A2-3C3B36C970B5}.Debug|x64.ActiveCfg = Debug|Any CPU
		{6A18DB57-AE97-4EBA-A0A2-3C3B36C970B5}.Debug|x64.Build.0 = Debug|Any CPU
		{6A18DB57-AE97-4EBA-A0A2-3C3B36C970B5}.Debug|x86.ActiveCfg = Debug|Any CPU
		{6A18DB57-AE97-4EBA-A0A2-3C3B36C970B5}.Debug|x86.Build.0 = Debug|Any CPU
		{6A18DB57-AE97-4EBA-A0A2-3C3B36C970B5}.Net5|Any CPU.ActiveCfg = Debug|Any CPU
		{6A18DB57-AE97-4EBA-A0A2-3C3B36C970B5}.Net5|Any CPU.Build.0 = Debug|Any CPU
		{6A18DB57-AE97-4EBA-A0A2-3C3B36C970B5}.Net5|x64.ActiveCfg = Debug|Any CPU
		{6A18DB57-AE97-4EBA-A0A2-3C3B36C970B5}.Net5|x64.Build.0 = Debug|Any CPU
		{6A18DB57-AE97-4EBA-A0A2-3C3B36C970B5}.Net5|x86.ActiveCfg = Debug|Any CPU
		{6A18DB57-AE97-4EBA-A0A2-3C3B36C970B5}.Net5|x86.Build.0 = Debug|Any CPU
		{6A18DB57-AE97-4EBA-A0A2-3C3B36C970B5}.Release|Any CPU.ActiveCfg = Release|Any CPU
		{6A18DB57-AE97-4EBA-A0A2-3C3B36C970B5}.Release|Any CPU.Build.0 = Release|Any CPU
		{6A18DB57-AE97-4EBA-A0A2-3C3B36C970B5}.Release|x64.ActiveCfg = Release|Any CPU
		{6A18DB57-AE97-4EBA-A0A2-3C3B36C970B5}.Release|x64.Build.0 = Release|Any CPU
		{6A18DB57-AE97-4EBA-A0A2-3C3B36C970B5}.Release|x86.ActiveCfg = Release|Any CPU
		{6A18DB57-AE97-4EBA-A0A2-3C3B36C970B5}.Release|x86.Build.0 = Release|Any CPU
		{9551B72D-C66E-4A87-80CF-4FDE17ABFEA7}.Debug|Any CPU.ActiveCfg = Debug|Any CPU
		{9551B72D-C66E-4A87-80CF-4FDE17ABFEA7}.Debug|Any CPU.Build.0 = Debug|Any CPU
		{9551B72D-C66E-4A87-80CF-4FDE17ABFEA7}.Debug|x64.ActiveCfg = Debug|Any CPU
		{9551B72D-C66E-4A87-80CF-4FDE17ABFEA7}.Debug|x64.Build.0 = Debug|Any CPU
		{9551B72D-C66E-4A87-80CF-4FDE17ABFEA7}.Debug|x86.ActiveCfg = Debug|Any CPU
		{9551B72D-C66E-4A87-80CF-4FDE17ABFEA7}.Debug|x86.Build.0 = Debug|Any CPU
		{9551B72D-C66E-4A87-80CF-4FDE17ABFEA7}.Net5|Any CPU.ActiveCfg = Debug|Any CPU
		{9551B72D-C66E-4A87-80CF-4FDE17ABFEA7}.Net5|Any CPU.Build.0 = Debug|Any CPU
		{9551B72D-C66E-4A87-80CF-4FDE17ABFEA7}.Net5|x64.ActiveCfg = Debug|Any CPU
		{9551B72D-C66E-4A87-80CF-4FDE17ABFEA7}.Net5|x64.Build.0 = Debug|Any CPU
		{9551B72D-C66E-4A87-80CF-4FDE17ABFEA7}.Net5|x86.ActiveCfg = Debug|Any CPU
		{9551B72D-C66E-4A87-80CF-4FDE17ABFEA7}.Net5|x86.Build.0 = Debug|Any CPU
		{9551B72D-C66E-4A87-80CF-4FDE17ABFEA7}.Release|Any CPU.ActiveCfg = Release|Any CPU
		{9551B72D-C66E-4A87-80CF-4FDE17ABFEA7}.Release|Any CPU.Build.0 = Release|Any CPU
		{9551B72D-C66E-4A87-80CF-4FDE17ABFEA7}.Release|x64.ActiveCfg = Release|Any CPU
		{9551B72D-C66E-4A87-80CF-4FDE17ABFEA7}.Release|x64.Build.0 = Release|Any CPU
		{9551B72D-C66E-4A87-80CF-4FDE17ABFEA7}.Release|x86.ActiveCfg = Release|Any CPU
		{9551B72D-C66E-4A87-80CF-4FDE17ABFEA7}.Release|x86.Build.0 = Release|Any CPU
		{F13452DF-24B6-47C6-BB83-AE724DEC6345}.Debug|Any CPU.ActiveCfg = Debug|Any CPU
		{F13452DF-24B6-47C6-BB83-AE724DEC6345}.Debug|Any CPU.Build.0 = Debug|Any CPU
		{F13452DF-24B6-47C6-BB83-AE724DEC6345}.Debug|x64.ActiveCfg = Debug|Any CPU
		{F13452DF-24B6-47C6-BB83-AE724DEC6345}.Debug|x64.Build.0 = Debug|Any CPU
		{F13452DF-24B6-47C6-BB83-AE724DEC6345}.Debug|x86.ActiveCfg = Debug|Any CPU
		{F13452DF-24B6-47C6-BB83-AE724DEC6345}.Debug|x86.Build.0 = Debug|Any CPU
		{F13452DF-24B6-47C6-BB83-AE724DEC6345}.Net5|Any CPU.ActiveCfg = Debug|Any CPU
		{F13452DF-24B6-47C6-BB83-AE724DEC6345}.Net5|Any CPU.Build.0 = Debug|Any CPU
		{F13452DF-24B6-47C6-BB83-AE724DEC6345}.Net5|x64.ActiveCfg = Debug|Any CPU
		{F13452DF-24B6-47C6-BB83-AE724DEC6345}.Net5|x64.Build.0 = Debug|Any CPU
		{F13452DF-24B6-47C6-BB83-AE724DEC6345}.Net5|x86.ActiveCfg = Debug|Any CPU
		{F13452DF-24B6-47C6-BB83-AE724DEC6345}.Net5|x86.Build.0 = Debug|Any CPU
		{F13452DF-24B6-47C6-BB83-AE724DEC6345}.Release|Any CPU.ActiveCfg = Release|Any CPU
		{F13452DF-24B6-47C6-BB83-AE724DEC6345}.Release|Any CPU.Build.0 = Release|Any CPU
		{F13452DF-24B6-47C6-BB83-AE724DEC6345}.Release|x64.ActiveCfg = Release|Any CPU
		{F13452DF-24B6-47C6-BB83-AE724DEC6345}.Release|x64.Build.0 = Release|Any CPU
		{F13452DF-24B6-47C6-BB83-AE724DEC6345}.Release|x86.ActiveCfg = Release|Any CPU
		{F13452DF-24B6-47C6-BB83-AE724DEC6345}.Release|x86.Build.0 = Release|Any CPU
		{7E3F4CD0-3B92-45CA-A3C6-A8BBCAAA121E}.Debug|Any CPU.ActiveCfg = Debug|Any CPU
		{7E3F4CD0-3B92-45CA-A3C6-A8BBCAAA121E}.Debug|Any CPU.Build.0 = Debug|Any CPU
		{7E3F4CD0-3B92-45CA-A3C6-A8BBCAAA121E}.Debug|x64.ActiveCfg = Debug|Any CPU
		{7E3F4CD0-3B92-45CA-A3C6-A8BBCAAA121E}.Debug|x64.Build.0 = Debug|Any CPU
		{7E3F4CD0-3B92-45CA-A3C6-A8BBCAAA121E}.Debug|x86.ActiveCfg = Debug|Any CPU
		{7E3F4CD0-3B92-45CA-A3C6-A8BBCAAA121E}.Debug|x86.Build.0 = Debug|Any CPU
		{7E3F4CD0-3B92-45CA-A3C6-A8BBCAAA121E}.Net5|Any CPU.ActiveCfg = Debug|Any CPU
		{7E3F4CD0-3B92-45CA-A3C6-A8BBCAAA121E}.Net5|Any CPU.Build.0 = Debug|Any CPU
		{7E3F4CD0-3B92-45CA-A3C6-A8BBCAAA121E}.Net5|x64.ActiveCfg = Debug|Any CPU
		{7E3F4CD0-3B92-45CA-A3C6-A8BBCAAA121E}.Net5|x64.Build.0 = Debug|Any CPU
		{7E3F4CD0-3B92-45CA-A3C6-A8BBCAAA121E}.Net5|x86.ActiveCfg = Debug|Any CPU
		{7E3F4CD0-3B92-45CA-A3C6-A8BBCAAA121E}.Net5|x86.Build.0 = Debug|Any CPU
		{7E3F4CD0-3B92-45CA-A3C6-A8BBCAAA121E}.Release|Any CPU.ActiveCfg = Release|Any CPU
		{7E3F4CD0-3B92-45CA-A3C6-A8BBCAAA121E}.Release|Any CPU.Build.0 = Release|Any CPU
		{7E3F4CD0-3B92-45CA-A3C6-A8BBCAAA121E}.Release|x64.ActiveCfg = Release|Any CPU
		{7E3F4CD0-3B92-45CA-A3C6-A8BBCAAA121E}.Release|x64.Build.0 = Release|Any CPU
		{7E3F4CD0-3B92-45CA-A3C6-A8BBCAAA121E}.Release|x86.ActiveCfg = Release|Any CPU
		{7E3F4CD0-3B92-45CA-A3C6-A8BBCAAA121E}.Release|x86.Build.0 = Release|Any CPU
		{312B50D5-0A91-4927-A44A-691EE00E9F87}.Debug|Any CPU.ActiveCfg = Debug|Any CPU
		{312B50D5-0A91-4927-A44A-691EE00E9F87}.Debug|Any CPU.Build.0 = Debug|Any CPU
		{312B50D5-0A91-4927-A44A-691EE00E9F87}.Debug|x64.ActiveCfg = Debug|Any CPU
		{312B50D5-0A91-4927-A44A-691EE00E9F87}.Debug|x64.Build.0 = Debug|Any CPU
		{312B50D5-0A91-4927-A44A-691EE00E9F87}.Debug|x86.ActiveCfg = Debug|Any CPU
		{312B50D5-0A91-4927-A44A-691EE00E9F87}.Debug|x86.Build.0 = Debug|Any CPU
		{312B50D5-0A91-4927-A44A-691EE00E9F87}.Net5|Any CPU.ActiveCfg = Debug|Any CPU
		{312B50D5-0A91-4927-A44A-691EE00E9F87}.Net5|Any CPU.Build.0 = Debug|Any CPU
		{312B50D5-0A91-4927-A44A-691EE00E9F87}.Net5|x64.ActiveCfg = Debug|Any CPU
		{312B50D5-0A91-4927-A44A-691EE00E9F87}.Net5|x64.Build.0 = Debug|Any CPU
		{312B50D5-0A91-4927-A44A-691EE00E9F87}.Net5|x86.ActiveCfg = Debug|Any CPU
		{312B50D5-0A91-4927-A44A-691EE00E9F87}.Net5|x86.Build.0 = Debug|Any CPU
		{312B50D5-0A91-4927-A44A-691EE00E9F87}.Release|Any CPU.ActiveCfg = Release|Any CPU
		{312B50D5-0A91-4927-A44A-691EE00E9F87}.Release|Any CPU.Build.0 = Release|Any CPU
		{312B50D5-0A91-4927-A44A-691EE00E9F87}.Release|x64.ActiveCfg = Release|Any CPU
		{312B50D5-0A91-4927-A44A-691EE00E9F87}.Release|x64.Build.0 = Release|Any CPU
		{312B50D5-0A91-4927-A44A-691EE00E9F87}.Release|x86.ActiveCfg = Release|Any CPU
		{312B50D5-0A91-4927-A44A-691EE00E9F87}.Release|x86.Build.0 = Release|Any CPU
		{84FC3E56-516D-42F1-8A98-14CF18F9E68C}.Debug|Any CPU.ActiveCfg = Debug|Any CPU
		{84FC3E56-516D-42F1-8A98-14CF18F9E68C}.Debug|Any CPU.Build.0 = Debug|Any CPU
		{84FC3E56-516D-42F1-8A98-14CF18F9E68C}.Debug|x64.ActiveCfg = Debug|Any CPU
		{84FC3E56-516D-42F1-8A98-14CF18F9E68C}.Debug|x64.Build.0 = Debug|Any CPU
		{84FC3E56-516D-42F1-8A98-14CF18F9E68C}.Debug|x86.ActiveCfg = Debug|Any CPU
		{84FC3E56-516D-42F1-8A98-14CF18F9E68C}.Debug|x86.Build.0 = Debug|Any CPU
		{84FC3E56-516D-42F1-8A98-14CF18F9E68C}.Net5|Any CPU.ActiveCfg = Debug|Any CPU
		{84FC3E56-516D-42F1-8A98-14CF18F9E68C}.Net5|Any CPU.Build.0 = Debug|Any CPU
		{84FC3E56-516D-42F1-8A98-14CF18F9E68C}.Net5|x64.ActiveCfg = Debug|Any CPU
		{84FC3E56-516D-42F1-8A98-14CF18F9E68C}.Net5|x64.Build.0 = Debug|Any CPU
		{84FC3E56-516D-42F1-8A98-14CF18F9E68C}.Net5|x86.ActiveCfg = Debug|Any CPU
		{84FC3E56-516D-42F1-8A98-14CF18F9E68C}.Net5|x86.Build.0 = Debug|Any CPU
		{84FC3E56-516D-42F1-8A98-14CF18F9E68C}.Release|Any CPU.ActiveCfg = Release|Any CPU
		{84FC3E56-516D-42F1-8A98-14CF18F9E68C}.Release|Any CPU.Build.0 = Release|Any CPU
		{84FC3E56-516D-42F1-8A98-14CF18F9E68C}.Release|x64.ActiveCfg = Release|Any CPU
		{84FC3E56-516D-42F1-8A98-14CF18F9E68C}.Release|x64.Build.0 = Release|Any CPU
		{84FC3E56-516D-42F1-8A98-14CF18F9E68C}.Release|x86.ActiveCfg = Release|Any CPU
		{84FC3E56-516D-42F1-8A98-14CF18F9E68C}.Release|x86.Build.0 = Release|Any CPU
		{4C93444E-7E9C-43E0-8323-73FEBB4FDA93}.Debug|Any CPU.ActiveCfg = Debug|Any CPU
		{4C93444E-7E9C-43E0-8323-73FEBB4FDA93}.Debug|Any CPU.Build.0 = Debug|Any CPU
		{4C93444E-7E9C-43E0-8323-73FEBB4FDA93}.Debug|x64.ActiveCfg = Debug|Any CPU
		{4C93444E-7E9C-43E0-8323-73FEBB4FDA93}.Debug|x64.Build.0 = Debug|Any CPU
		{4C93444E-7E9C-43E0-8323-73FEBB4FDA93}.Debug|x86.ActiveCfg = Debug|Any CPU
		{4C93444E-7E9C-43E0-8323-73FEBB4FDA93}.Debug|x86.Build.0 = Debug|Any CPU
		{4C93444E-7E9C-43E0-8323-73FEBB4FDA93}.Net5|Any CPU.ActiveCfg = Debug|Any CPU
		{4C93444E-7E9C-43E0-8323-73FEBB4FDA93}.Net5|Any CPU.Build.0 = Debug|Any CPU
		{4C93444E-7E9C-43E0-8323-73FEBB4FDA93}.Net5|x64.ActiveCfg = Debug|Any CPU
		{4C93444E-7E9C-43E0-8323-73FEBB4FDA93}.Net5|x64.Build.0 = Debug|Any CPU
		{4C93444E-7E9C-43E0-8323-73FEBB4FDA93}.Net5|x86.ActiveCfg = Debug|Any CPU
		{4C93444E-7E9C-43E0-8323-73FEBB4FDA93}.Net5|x86.Build.0 = Debug|Any CPU
		{4C93444E-7E9C-43E0-8323-73FEBB4FDA93}.Release|Any CPU.ActiveCfg = Release|Any CPU
		{4C93444E-7E9C-43E0-8323-73FEBB4FDA93}.Release|Any CPU.Build.0 = Release|Any CPU
		{4C93444E-7E9C-43E0-8323-73FEBB4FDA93}.Release|x64.ActiveCfg = Release|Any CPU
		{4C93444E-7E9C-43E0-8323-73FEBB4FDA93}.Release|x64.Build.0 = Release|Any CPU
		{4C93444E-7E9C-43E0-8323-73FEBB4FDA93}.Release|x86.ActiveCfg = Release|Any CPU
		{4C93444E-7E9C-43E0-8323-73FEBB4FDA93}.Release|x86.Build.0 = Release|Any CPU
		{B9B80F8A-0A71-45F7-B866-3715879747B8}.Debug|Any CPU.ActiveCfg = Debug|Any CPU
		{B9B80F8A-0A71-45F7-B866-3715879747B8}.Debug|Any CPU.Build.0 = Debug|Any CPU
		{B9B80F8A-0A71-45F7-B866-3715879747B8}.Debug|x64.ActiveCfg = Debug|Any CPU
		{B9B80F8A-0A71-45F7-B866-3715879747B8}.Debug|x64.Build.0 = Debug|Any CPU
		{B9B80F8A-0A71-45F7-B866-3715879747B8}.Debug|x86.ActiveCfg = Debug|Any CPU
		{B9B80F8A-0A71-45F7-B866-3715879747B8}.Debug|x86.Build.0 = Debug|Any CPU
		{B9B80F8A-0A71-45F7-B866-3715879747B8}.Net5|Any CPU.ActiveCfg = Debug|Any CPU
		{B9B80F8A-0A71-45F7-B866-3715879747B8}.Net5|Any CPU.Build.0 = Debug|Any CPU
		{B9B80F8A-0A71-45F7-B866-3715879747B8}.Net5|x64.ActiveCfg = Debug|Any CPU
		{B9B80F8A-0A71-45F7-B866-3715879747B8}.Net5|x64.Build.0 = Debug|Any CPU
		{B9B80F8A-0A71-45F7-B866-3715879747B8}.Net5|x86.ActiveCfg = Debug|Any CPU
		{B9B80F8A-0A71-45F7-B866-3715879747B8}.Net5|x86.Build.0 = Debug|Any CPU
		{B9B80F8A-0A71-45F7-B866-3715879747B8}.Release|Any CPU.ActiveCfg = Release|Any CPU
		{B9B80F8A-0A71-45F7-B866-3715879747B8}.Release|Any CPU.Build.0 = Release|Any CPU
		{B9B80F8A-0A71-45F7-B866-3715879747B8}.Release|x64.ActiveCfg = Release|Any CPU
		{B9B80F8A-0A71-45F7-B866-3715879747B8}.Release|x64.Build.0 = Release|Any CPU
		{B9B80F8A-0A71-45F7-B866-3715879747B8}.Release|x86.ActiveCfg = Release|Any CPU
		{B9B80F8A-0A71-45F7-B866-3715879747B8}.Release|x86.Build.0 = Release|Any CPU
		{9129CAD5-7C51-42FB-AA18-0FD9DB1F83D9}.Debug|Any CPU.ActiveCfg = Debug|Any CPU
		{9129CAD5-7C51-42FB-AA18-0FD9DB1F83D9}.Debug|Any CPU.Build.0 = Debug|Any CPU
		{9129CAD5-7C51-42FB-AA18-0FD9DB1F83D9}.Debug|x64.ActiveCfg = Debug|Any CPU
		{9129CAD5-7C51-42FB-AA18-0FD9DB1F83D9}.Debug|x64.Build.0 = Debug|Any CPU
		{9129CAD5-7C51-42FB-AA18-0FD9DB1F83D9}.Debug|x86.ActiveCfg = Debug|Any CPU
		{9129CAD5-7C51-42FB-AA18-0FD9DB1F83D9}.Debug|x86.Build.0 = Debug|Any CPU
		{9129CAD5-7C51-42FB-AA18-0FD9DB1F83D9}.Net5|Any CPU.ActiveCfg = Debug|Any CPU
		{9129CAD5-7C51-42FB-AA18-0FD9DB1F83D9}.Net5|Any CPU.Build.0 = Debug|Any CPU
		{9129CAD5-7C51-42FB-AA18-0FD9DB1F83D9}.Net5|x64.ActiveCfg = Debug|Any CPU
		{9129CAD5-7C51-42FB-AA18-0FD9DB1F83D9}.Net5|x64.Build.0 = Debug|Any CPU
		{9129CAD5-7C51-42FB-AA18-0FD9DB1F83D9}.Net5|x86.ActiveCfg = Debug|Any CPU
		{9129CAD5-7C51-42FB-AA18-0FD9DB1F83D9}.Net5|x86.Build.0 = Debug|Any CPU
		{9129CAD5-7C51-42FB-AA18-0FD9DB1F83D9}.Release|Any CPU.ActiveCfg = Release|Any CPU
		{9129CAD5-7C51-42FB-AA18-0FD9DB1F83D9}.Release|Any CPU.Build.0 = Release|Any CPU
		{9129CAD5-7C51-42FB-AA18-0FD9DB1F83D9}.Release|x64.ActiveCfg = Release|Any CPU
		{9129CAD5-7C51-42FB-AA18-0FD9DB1F83D9}.Release|x64.Build.0 = Release|Any CPU
		{9129CAD5-7C51-42FB-AA18-0FD9DB1F83D9}.Release|x86.ActiveCfg = Release|Any CPU
		{9129CAD5-7C51-42FB-AA18-0FD9DB1F83D9}.Release|x86.Build.0 = Release|Any CPU
		{21C7750F-5063-41F2-9A14-F4C29AEB04F9}.Debug|Any CPU.ActiveCfg = Debug|Any CPU
		{21C7750F-5063-41F2-9A14-F4C29AEB04F9}.Debug|Any CPU.Build.0 = Debug|Any CPU
		{21C7750F-5063-41F2-9A14-F4C29AEB04F9}.Debug|x64.ActiveCfg = Debug|Any CPU
		{21C7750F-5063-41F2-9A14-F4C29AEB04F9}.Debug|x64.Build.0 = Debug|Any CPU
		{21C7750F-5063-41F2-9A14-F4C29AEB04F9}.Debug|x86.ActiveCfg = Debug|Any CPU
		{21C7750F-5063-41F2-9A14-F4C29AEB04F9}.Debug|x86.Build.0 = Debug|Any CPU
		{21C7750F-5063-41F2-9A14-F4C29AEB04F9}.Net5|Any CPU.ActiveCfg = Debug|Any CPU
		{21C7750F-5063-41F2-9A14-F4C29AEB04F9}.Net5|Any CPU.Build.0 = Debug|Any CPU
		{21C7750F-5063-41F2-9A14-F4C29AEB04F9}.Net5|x64.ActiveCfg = Debug|Any CPU
		{21C7750F-5063-41F2-9A14-F4C29AEB04F9}.Net5|x64.Build.0 = Debug|Any CPU
		{21C7750F-5063-41F2-9A14-F4C29AEB04F9}.Net5|x86.ActiveCfg = Debug|Any CPU
		{21C7750F-5063-41F2-9A14-F4C29AEB04F9}.Net5|x86.Build.0 = Debug|Any CPU
		{21C7750F-5063-41F2-9A14-F4C29AEB04F9}.Release|Any CPU.ActiveCfg = Release|Any CPU
		{21C7750F-5063-41F2-9A14-F4C29AEB04F9}.Release|Any CPU.Build.0 = Release|Any CPU
		{21C7750F-5063-41F2-9A14-F4C29AEB04F9}.Release|x64.ActiveCfg = Release|Any CPU
		{21C7750F-5063-41F2-9A14-F4C29AEB04F9}.Release|x64.Build.0 = Release|Any CPU
		{21C7750F-5063-41F2-9A14-F4C29AEB04F9}.Release|x86.ActiveCfg = Release|Any CPU
		{21C7750F-5063-41F2-9A14-F4C29AEB04F9}.Release|x86.Build.0 = Release|Any CPU
		{D8EAA1E3-0C69-4E14-890A-0D39A5B6CA0E}.Debug|Any CPU.ActiveCfg = Debug|Any CPU
		{D8EAA1E3-0C69-4E14-890A-0D39A5B6CA0E}.Debug|Any CPU.Build.0 = Debug|Any CPU
		{D8EAA1E3-0C69-4E14-890A-0D39A5B6CA0E}.Debug|x64.ActiveCfg = Debug|Any CPU
		{D8EAA1E3-0C69-4E14-890A-0D39A5B6CA0E}.Debug|x64.Build.0 = Debug|Any CPU
		{D8EAA1E3-0C69-4E14-890A-0D39A5B6CA0E}.Debug|x86.ActiveCfg = Debug|Any CPU
		{D8EAA1E3-0C69-4E14-890A-0D39A5B6CA0E}.Debug|x86.Build.0 = Debug|Any CPU
		{D8EAA1E3-0C69-4E14-890A-0D39A5B6CA0E}.Net5|Any CPU.ActiveCfg = Debug|Any CPU
		{D8EAA1E3-0C69-4E14-890A-0D39A5B6CA0E}.Net5|Any CPU.Build.0 = Debug|Any CPU
		{D8EAA1E3-0C69-4E14-890A-0D39A5B6CA0E}.Net5|x64.ActiveCfg = Debug|Any CPU
		{D8EAA1E3-0C69-4E14-890A-0D39A5B6CA0E}.Net5|x64.Build.0 = Debug|Any CPU
		{D8EAA1E3-0C69-4E14-890A-0D39A5B6CA0E}.Net5|x86.ActiveCfg = Debug|Any CPU
		{D8EAA1E3-0C69-4E14-890A-0D39A5B6CA0E}.Net5|x86.Build.0 = Debug|Any CPU
		{D8EAA1E3-0C69-4E14-890A-0D39A5B6CA0E}.Release|Any CPU.ActiveCfg = Release|Any CPU
		{D8EAA1E3-0C69-4E14-890A-0D39A5B6CA0E}.Release|Any CPU.Build.0 = Release|Any CPU
		{D8EAA1E3-0C69-4E14-890A-0D39A5B6CA0E}.Release|x64.ActiveCfg = Release|Any CPU
		{D8EAA1E3-0C69-4E14-890A-0D39A5B6CA0E}.Release|x64.Build.0 = Release|Any CPU
		{D8EAA1E3-0C69-4E14-890A-0D39A5B6CA0E}.Release|x86.ActiveCfg = Release|Any CPU
		{D8EAA1E3-0C69-4E14-890A-0D39A5B6CA0E}.Release|x86.Build.0 = Release|Any CPU
		{90A027B4-0A8A-459E-8D2A-8A190D6AAEE2}.Debug|Any CPU.ActiveCfg = Debug|Any CPU
		{90A027B4-0A8A-459E-8D2A-8A190D6AAEE2}.Debug|Any CPU.Build.0 = Debug|Any CPU
		{90A027B4-0A8A-459E-8D2A-8A190D6AAEE2}.Debug|x64.ActiveCfg = Debug|Any CPU
		{90A027B4-0A8A-459E-8D2A-8A190D6AAEE2}.Debug|x64.Build.0 = Debug|Any CPU
		{90A027B4-0A8A-459E-8D2A-8A190D6AAEE2}.Debug|x86.ActiveCfg = Debug|Any CPU
		{90A027B4-0A8A-459E-8D2A-8A190D6AAEE2}.Debug|x86.Build.0 = Debug|Any CPU
		{90A027B4-0A8A-459E-8D2A-8A190D6AAEE2}.Net5|Any CPU.ActiveCfg = Debug|Any CPU
		{90A027B4-0A8A-459E-8D2A-8A190D6AAEE2}.Net5|Any CPU.Build.0 = Debug|Any CPU
		{90A027B4-0A8A-459E-8D2A-8A190D6AAEE2}.Net5|x64.ActiveCfg = Debug|Any CPU
		{90A027B4-0A8A-459E-8D2A-8A190D6AAEE2}.Net5|x64.Build.0 = Debug|Any CPU
		{90A027B4-0A8A-459E-8D2A-8A190D6AAEE2}.Net5|x86.ActiveCfg = Debug|Any CPU
		{90A027B4-0A8A-459E-8D2A-8A190D6AAEE2}.Net5|x86.Build.0 = Debug|Any CPU
		{90A027B4-0A8A-459E-8D2A-8A190D6AAEE2}.Release|Any CPU.ActiveCfg = Release|Any CPU
		{90A027B4-0A8A-459E-8D2A-8A190D6AAEE2}.Release|Any CPU.Build.0 = Release|Any CPU
		{90A027B4-0A8A-459E-8D2A-8A190D6AAEE2}.Release|x64.ActiveCfg = Release|Any CPU
		{90A027B4-0A8A-459E-8D2A-8A190D6AAEE2}.Release|x64.Build.0 = Release|Any CPU
		{90A027B4-0A8A-459E-8D2A-8A190D6AAEE2}.Release|x86.ActiveCfg = Release|Any CPU
		{90A027B4-0A8A-459E-8D2A-8A190D6AAEE2}.Release|x86.Build.0 = Release|Any CPU
		{C6E26CB7-5CEC-487D-B5C6-BC32068E05D5}.Debug|Any CPU.ActiveCfg = Debug|Any CPU
		{C6E26CB7-5CEC-487D-B5C6-BC32068E05D5}.Debug|Any CPU.Build.0 = Debug|Any CPU
		{C6E26CB7-5CEC-487D-B5C6-BC32068E05D5}.Debug|x64.ActiveCfg = Debug|Any CPU
		{C6E26CB7-5CEC-487D-B5C6-BC32068E05D5}.Debug|x64.Build.0 = Debug|Any CPU
		{C6E26CB7-5CEC-487D-B5C6-BC32068E05D5}.Debug|x86.ActiveCfg = Debug|Any CPU
		{C6E26CB7-5CEC-487D-B5C6-BC32068E05D5}.Debug|x86.Build.0 = Debug|Any CPU
		{C6E26CB7-5CEC-487D-B5C6-BC32068E05D5}.Net5|Any CPU.ActiveCfg = Debug|Any CPU
		{C6E26CB7-5CEC-487D-B5C6-BC32068E05D5}.Net5|Any CPU.Build.0 = Debug|Any CPU
		{C6E26CB7-5CEC-487D-B5C6-BC32068E05D5}.Net5|x64.ActiveCfg = Debug|Any CPU
		{C6E26CB7-5CEC-487D-B5C6-BC32068E05D5}.Net5|x64.Build.0 = Debug|Any CPU
		{C6E26CB7-5CEC-487D-B5C6-BC32068E05D5}.Net5|x86.ActiveCfg = Debug|Any CPU
		{C6E26CB7-5CEC-487D-B5C6-BC32068E05D5}.Net5|x86.Build.0 = Debug|Any CPU
		{C6E26CB7-5CEC-487D-B5C6-BC32068E05D5}.Release|Any CPU.ActiveCfg = Release|Any CPU
		{C6E26CB7-5CEC-487D-B5C6-BC32068E05D5}.Release|Any CPU.Build.0 = Release|Any CPU
		{C6E26CB7-5CEC-487D-B5C6-BC32068E05D5}.Release|x64.ActiveCfg = Release|Any CPU
		{C6E26CB7-5CEC-487D-B5C6-BC32068E05D5}.Release|x64.Build.0 = Release|Any CPU
		{C6E26CB7-5CEC-487D-B5C6-BC32068E05D5}.Release|x86.ActiveCfg = Release|Any CPU
		{C6E26CB7-5CEC-487D-B5C6-BC32068E05D5}.Release|x86.Build.0 = Release|Any CPU
		{68911681-D0D4-4BF6-BC7F-4A73C2086A4A}.Debug|Any CPU.ActiveCfg = Debug|Any CPU
		{68911681-D0D4-4BF6-BC7F-4A73C2086A4A}.Debug|Any CPU.Build.0 = Debug|Any CPU
		{68911681-D0D4-4BF6-BC7F-4A73C2086A4A}.Debug|x64.ActiveCfg = Debug|Any CPU
		{68911681-D0D4-4BF6-BC7F-4A73C2086A4A}.Debug|x64.Build.0 = Debug|Any CPU
		{68911681-D0D4-4BF6-BC7F-4A73C2086A4A}.Debug|x86.ActiveCfg = Debug|Any CPU
		{68911681-D0D4-4BF6-BC7F-4A73C2086A4A}.Debug|x86.Build.0 = Debug|Any CPU
		{68911681-D0D4-4BF6-BC7F-4A73C2086A4A}.Net5|Any CPU.ActiveCfg = Debug|Any CPU
		{68911681-D0D4-4BF6-BC7F-4A73C2086A4A}.Net5|Any CPU.Build.0 = Debug|Any CPU
		{68911681-D0D4-4BF6-BC7F-4A73C2086A4A}.Net5|x64.ActiveCfg = Debug|Any CPU
		{68911681-D0D4-4BF6-BC7F-4A73C2086A4A}.Net5|x64.Build.0 = Debug|Any CPU
		{68911681-D0D4-4BF6-BC7F-4A73C2086A4A}.Net5|x86.ActiveCfg = Debug|Any CPU
		{68911681-D0D4-4BF6-BC7F-4A73C2086A4A}.Net5|x86.Build.0 = Debug|Any CPU
		{68911681-D0D4-4BF6-BC7F-4A73C2086A4A}.Release|Any CPU.ActiveCfg = Release|Any CPU
		{68911681-D0D4-4BF6-BC7F-4A73C2086A4A}.Release|Any CPU.Build.0 = Release|Any CPU
		{68911681-D0D4-4BF6-BC7F-4A73C2086A4A}.Release|x64.ActiveCfg = Release|Any CPU
		{68911681-D0D4-4BF6-BC7F-4A73C2086A4A}.Release|x64.Build.0 = Release|Any CPU
		{68911681-D0D4-4BF6-BC7F-4A73C2086A4A}.Release|x86.ActiveCfg = Release|Any CPU
		{68911681-D0D4-4BF6-BC7F-4A73C2086A4A}.Release|x86.Build.0 = Release|Any CPU
		{8F9368A0-B9EA-47C4-B203-34CC223D5010}.Debug|Any CPU.ActiveCfg = Debug|Any CPU
		{8F9368A0-B9EA-47C4-B203-34CC223D5010}.Debug|Any CPU.Build.0 = Debug|Any CPU
		{8F9368A0-B9EA-47C4-B203-34CC223D5010}.Debug|x64.ActiveCfg = Debug|Any CPU
		{8F9368A0-B9EA-47C4-B203-34CC223D5010}.Debug|x64.Build.0 = Debug|Any CPU
		{8F9368A0-B9EA-47C4-B203-34CC223D5010}.Debug|x86.ActiveCfg = Debug|Any CPU
		{8F9368A0-B9EA-47C4-B203-34CC223D5010}.Debug|x86.Build.0 = Debug|Any CPU
		{8F9368A0-B9EA-47C4-B203-34CC223D5010}.Net5|Any CPU.ActiveCfg = Debug|Any CPU
		{8F9368A0-B9EA-47C4-B203-34CC223D5010}.Net5|Any CPU.Build.0 = Debug|Any CPU
		{8F9368A0-B9EA-47C4-B203-34CC223D5010}.Net5|x64.ActiveCfg = Debug|Any CPU
		{8F9368A0-B9EA-47C4-B203-34CC223D5010}.Net5|x64.Build.0 = Debug|Any CPU
		{8F9368A0-B9EA-47C4-B203-34CC223D5010}.Net5|x86.ActiveCfg = Debug|Any CPU
		{8F9368A0-B9EA-47C4-B203-34CC223D5010}.Net5|x86.Build.0 = Debug|Any CPU
		{8F9368A0-B9EA-47C4-B203-34CC223D5010}.Release|Any CPU.ActiveCfg = Release|Any CPU
		{8F9368A0-B9EA-47C4-B203-34CC223D5010}.Release|Any CPU.Build.0 = Release|Any CPU
		{8F9368A0-B9EA-47C4-B203-34CC223D5010}.Release|x64.ActiveCfg = Release|Any CPU
		{8F9368A0-B9EA-47C4-B203-34CC223D5010}.Release|x64.Build.0 = Release|Any CPU
		{8F9368A0-B9EA-47C4-B203-34CC223D5010}.Release|x86.ActiveCfg = Release|Any CPU
		{8F9368A0-B9EA-47C4-B203-34CC223D5010}.Release|x86.Build.0 = Release|Any CPU
		{055E6617-DE34-4248-8F7B-D1F3AA43AECB}.Debug|Any CPU.ActiveCfg = Debug|Any CPU
		{055E6617-DE34-4248-8F7B-D1F3AA43AECB}.Debug|Any CPU.Build.0 = Debug|Any CPU
		{055E6617-DE34-4248-8F7B-D1F3AA43AECB}.Debug|x64.ActiveCfg = Debug|Any CPU
		{055E6617-DE34-4248-8F7B-D1F3AA43AECB}.Debug|x64.Build.0 = Debug|Any CPU
		{055E6617-DE34-4248-8F7B-D1F3AA43AECB}.Debug|x86.ActiveCfg = Debug|Any CPU
		{055E6617-DE34-4248-8F7B-D1F3AA43AECB}.Debug|x86.Build.0 = Debug|Any CPU
		{055E6617-DE34-4248-8F7B-D1F3AA43AECB}.Net5|Any CPU.ActiveCfg = Debug|Any CPU
		{055E6617-DE34-4248-8F7B-D1F3AA43AECB}.Net5|Any CPU.Build.0 = Debug|Any CPU
		{055E6617-DE34-4248-8F7B-D1F3AA43AECB}.Net5|x64.ActiveCfg = Debug|Any CPU
		{055E6617-DE34-4248-8F7B-D1F3AA43AECB}.Net5|x64.Build.0 = Debug|Any CPU
		{055E6617-DE34-4248-8F7B-D1F3AA43AECB}.Net5|x86.ActiveCfg = Debug|Any CPU
		{055E6617-DE34-4248-8F7B-D1F3AA43AECB}.Net5|x86.Build.0 = Debug|Any CPU
		{055E6617-DE34-4248-8F7B-D1F3AA43AECB}.Release|Any CPU.ActiveCfg = Release|Any CPU
		{055E6617-DE34-4248-8F7B-D1F3AA43AECB}.Release|Any CPU.Build.0 = Release|Any CPU
		{055E6617-DE34-4248-8F7B-D1F3AA43AECB}.Release|x64.ActiveCfg = Release|Any CPU
		{055E6617-DE34-4248-8F7B-D1F3AA43AECB}.Release|x64.Build.0 = Release|Any CPU
		{055E6617-DE34-4248-8F7B-D1F3AA43AECB}.Release|x86.ActiveCfg = Release|Any CPU
		{055E6617-DE34-4248-8F7B-D1F3AA43AECB}.Release|x86.Build.0 = Release|Any CPU
		{3D883F89-2731-4255-9CF1-DE76BC5274BB}.Debug|Any CPU.ActiveCfg = Debug|Any CPU
		{3D883F89-2731-4255-9CF1-DE76BC5274BB}.Debug|Any CPU.Build.0 = Debug|Any CPU
		{3D883F89-2731-4255-9CF1-DE76BC5274BB}.Debug|x64.ActiveCfg = Debug|Any CPU
		{3D883F89-2731-4255-9CF1-DE76BC5274BB}.Debug|x64.Build.0 = Debug|Any CPU
		{3D883F89-2731-4255-9CF1-DE76BC5274BB}.Debug|x86.ActiveCfg = Debug|Any CPU
		{3D883F89-2731-4255-9CF1-DE76BC5274BB}.Debug|x86.Build.0 = Debug|Any CPU
		{3D883F89-2731-4255-9CF1-DE76BC5274BB}.Net5|Any CPU.ActiveCfg = Debug|Any CPU
		{3D883F89-2731-4255-9CF1-DE76BC5274BB}.Net5|Any CPU.Build.0 = Debug|Any CPU
		{3D883F89-2731-4255-9CF1-DE76BC5274BB}.Net5|x64.ActiveCfg = Debug|Any CPU
		{3D883F89-2731-4255-9CF1-DE76BC5274BB}.Net5|x64.Build.0 = Debug|Any CPU
		{3D883F89-2731-4255-9CF1-DE76BC5274BB}.Net5|x86.ActiveCfg = Debug|Any CPU
		{3D883F89-2731-4255-9CF1-DE76BC5274BB}.Net5|x86.Build.0 = Debug|Any CPU
		{3D883F89-2731-4255-9CF1-DE76BC5274BB}.Release|Any CPU.ActiveCfg = Release|Any CPU
		{3D883F89-2731-4255-9CF1-DE76BC5274BB}.Release|Any CPU.Build.0 = Release|Any CPU
		{3D883F89-2731-4255-9CF1-DE76BC5274BB}.Release|x64.ActiveCfg = Release|Any CPU
		{3D883F89-2731-4255-9CF1-DE76BC5274BB}.Release|x64.Build.0 = Release|Any CPU
		{3D883F89-2731-4255-9CF1-DE76BC5274BB}.Release|x86.ActiveCfg = Release|Any CPU
		{3D883F89-2731-4255-9CF1-DE76BC5274BB}.Release|x86.Build.0 = Release|Any CPU
		{62971819-48F7-4B9E-9117-964FCBEF494C}.Debug|Any CPU.ActiveCfg = Debug|Any CPU
		{62971819-48F7-4B9E-9117-964FCBEF494C}.Debug|Any CPU.Build.0 = Debug|Any CPU
		{62971819-48F7-4B9E-9117-964FCBEF494C}.Debug|x64.ActiveCfg = Debug|Any CPU
		{62971819-48F7-4B9E-9117-964FCBEF494C}.Debug|x64.Build.0 = Debug|Any CPU
		{62971819-48F7-4B9E-9117-964FCBEF494C}.Debug|x86.ActiveCfg = Debug|Any CPU
		{62971819-48F7-4B9E-9117-964FCBEF494C}.Debug|x86.Build.0 = Debug|Any CPU
		{62971819-48F7-4B9E-9117-964FCBEF494C}.Net5|Any CPU.ActiveCfg = Debug|Any CPU
		{62971819-48F7-4B9E-9117-964FCBEF494C}.Net5|Any CPU.Build.0 = Debug|Any CPU
		{62971819-48F7-4B9E-9117-964FCBEF494C}.Net5|x64.ActiveCfg = Debug|Any CPU
		{62971819-48F7-4B9E-9117-964FCBEF494C}.Net5|x64.Build.0 = Debug|Any CPU
		{62971819-48F7-4B9E-9117-964FCBEF494C}.Net5|x86.ActiveCfg = Debug|Any CPU
		{62971819-48F7-4B9E-9117-964FCBEF494C}.Net5|x86.Build.0 = Debug|Any CPU
		{62971819-48F7-4B9E-9117-964FCBEF494C}.Release|Any CPU.ActiveCfg = Release|Any CPU
		{62971819-48F7-4B9E-9117-964FCBEF494C}.Release|Any CPU.Build.0 = Release|Any CPU
		{62971819-48F7-4B9E-9117-964FCBEF494C}.Release|x64.ActiveCfg = Release|Any CPU
		{62971819-48F7-4B9E-9117-964FCBEF494C}.Release|x64.Build.0 = Release|Any CPU
		{62971819-48F7-4B9E-9117-964FCBEF494C}.Release|x86.ActiveCfg = Release|Any CPU
		{62971819-48F7-4B9E-9117-964FCBEF494C}.Release|x86.Build.0 = Release|Any CPU
		{50EDE43A-DFE8-4E31-84C2-34FA780ECA3F}.Debug|Any CPU.ActiveCfg = Debug|Any CPU
		{50EDE43A-DFE8-4E31-84C2-34FA780ECA3F}.Debug|Any CPU.Build.0 = Debug|Any CPU
		{50EDE43A-DFE8-4E31-84C2-34FA780ECA3F}.Debug|x64.ActiveCfg = Debug|Any CPU
		{50EDE43A-DFE8-4E31-84C2-34FA780ECA3F}.Debug|x64.Build.0 = Debug|Any CPU
		{50EDE43A-DFE8-4E31-84C2-34FA780ECA3F}.Debug|x86.ActiveCfg = Debug|Any CPU
		{50EDE43A-DFE8-4E31-84C2-34FA780ECA3F}.Debug|x86.Build.0 = Debug|Any CPU
		{50EDE43A-DFE8-4E31-84C2-34FA780ECA3F}.Net5|Any CPU.ActiveCfg = Debug|Any CPU
		{50EDE43A-DFE8-4E31-84C2-34FA780ECA3F}.Net5|Any CPU.Build.0 = Debug|Any CPU
		{50EDE43A-DFE8-4E31-84C2-34FA780ECA3F}.Net5|x64.ActiveCfg = Debug|Any CPU
		{50EDE43A-DFE8-4E31-84C2-34FA780ECA3F}.Net5|x64.Build.0 = Debug|Any CPU
		{50EDE43A-DFE8-4E31-84C2-34FA780ECA3F}.Net5|x86.ActiveCfg = Debug|Any CPU
		{50EDE43A-DFE8-4E31-84C2-34FA780ECA3F}.Net5|x86.Build.0 = Debug|Any CPU
		{50EDE43A-DFE8-4E31-84C2-34FA780ECA3F}.Release|Any CPU.ActiveCfg = Release|Any CPU
		{50EDE43A-DFE8-4E31-84C2-34FA780ECA3F}.Release|Any CPU.Build.0 = Release|Any CPU
		{50EDE43A-DFE8-4E31-84C2-34FA780ECA3F}.Release|x64.ActiveCfg = Release|Any CPU
		{50EDE43A-DFE8-4E31-84C2-34FA780ECA3F}.Release|x64.Build.0 = Release|Any CPU
		{50EDE43A-DFE8-4E31-84C2-34FA780ECA3F}.Release|x86.ActiveCfg = Release|Any CPU
		{50EDE43A-DFE8-4E31-84C2-34FA780ECA3F}.Release|x86.Build.0 = Release|Any CPU
		{921E041A-5030-427A-BD2E-4ACE4C29C5FB}.Debug|Any CPU.ActiveCfg = Debug|Any CPU
		{921E041A-5030-427A-BD2E-4ACE4C29C5FB}.Debug|Any CPU.Build.0 = Debug|Any CPU
		{921E041A-5030-427A-BD2E-4ACE4C29C5FB}.Debug|x64.ActiveCfg = Debug|Any CPU
		{921E041A-5030-427A-BD2E-4ACE4C29C5FB}.Debug|x64.Build.0 = Debug|Any CPU
		{921E041A-5030-427A-BD2E-4ACE4C29C5FB}.Debug|x86.ActiveCfg = Debug|Any CPU
		{921E041A-5030-427A-BD2E-4ACE4C29C5FB}.Debug|x86.Build.0 = Debug|Any CPU
		{921E041A-5030-427A-BD2E-4ACE4C29C5FB}.Net5|Any CPU.ActiveCfg = Debug|Any CPU
		{921E041A-5030-427A-BD2E-4ACE4C29C5FB}.Net5|Any CPU.Build.0 = Debug|Any CPU
		{921E041A-5030-427A-BD2E-4ACE4C29C5FB}.Net5|x64.ActiveCfg = Debug|Any CPU
		{921E041A-5030-427A-BD2E-4ACE4C29C5FB}.Net5|x64.Build.0 = Debug|Any CPU
		{921E041A-5030-427A-BD2E-4ACE4C29C5FB}.Net5|x86.ActiveCfg = Debug|Any CPU
		{921E041A-5030-427A-BD2E-4ACE4C29C5FB}.Net5|x86.Build.0 = Debug|Any CPU
		{921E041A-5030-427A-BD2E-4ACE4C29C5FB}.Release|Any CPU.ActiveCfg = Release|Any CPU
		{921E041A-5030-427A-BD2E-4ACE4C29C5FB}.Release|Any CPU.Build.0 = Release|Any CPU
		{921E041A-5030-427A-BD2E-4ACE4C29C5FB}.Release|x64.ActiveCfg = Release|Any CPU
		{921E041A-5030-427A-BD2E-4ACE4C29C5FB}.Release|x64.Build.0 = Release|Any CPU
		{921E041A-5030-427A-BD2E-4ACE4C29C5FB}.Release|x86.ActiveCfg = Release|Any CPU
		{921E041A-5030-427A-BD2E-4ACE4C29C5FB}.Release|x86.Build.0 = Release|Any CPU
		{9E315B5F-94C6-4CC5-B023-03135FDF6AF8}.Debug|Any CPU.ActiveCfg = Debug|Any CPU
		{9E315B5F-94C6-4CC5-B023-03135FDF6AF8}.Debug|Any CPU.Build.0 = Debug|Any CPU
		{9E315B5F-94C6-4CC5-B023-03135FDF6AF8}.Debug|x64.ActiveCfg = Debug|Any CPU
		{9E315B5F-94C6-4CC5-B023-03135FDF6AF8}.Debug|x64.Build.0 = Debug|Any CPU
		{9E315B5F-94C6-4CC5-B023-03135FDF6AF8}.Debug|x86.ActiveCfg = Debug|Any CPU
		{9E315B5F-94C6-4CC5-B023-03135FDF6AF8}.Debug|x86.Build.0 = Debug|Any CPU
		{9E315B5F-94C6-4CC5-B023-03135FDF6AF8}.Net5|Any CPU.ActiveCfg = Debug|Any CPU
		{9E315B5F-94C6-4CC5-B023-03135FDF6AF8}.Net5|Any CPU.Build.0 = Debug|Any CPU
		{9E315B5F-94C6-4CC5-B023-03135FDF6AF8}.Net5|x64.ActiveCfg = Debug|Any CPU
		{9E315B5F-94C6-4CC5-B023-03135FDF6AF8}.Net5|x64.Build.0 = Debug|Any CPU
		{9E315B5F-94C6-4CC5-B023-03135FDF6AF8}.Net5|x86.ActiveCfg = Debug|Any CPU
		{9E315B5F-94C6-4CC5-B023-03135FDF6AF8}.Net5|x86.Build.0 = Debug|Any CPU
		{9E315B5F-94C6-4CC5-B023-03135FDF6AF8}.Release|Any CPU.ActiveCfg = Release|Any CPU
		{9E315B5F-94C6-4CC5-B023-03135FDF6AF8}.Release|Any CPU.Build.0 = Release|Any CPU
		{9E315B5F-94C6-4CC5-B023-03135FDF6AF8}.Release|x64.ActiveCfg = Release|Any CPU
		{9E315B5F-94C6-4CC5-B023-03135FDF6AF8}.Release|x64.Build.0 = Release|Any CPU
		{9E315B5F-94C6-4CC5-B023-03135FDF6AF8}.Release|x86.ActiveCfg = Release|Any CPU
		{9E315B5F-94C6-4CC5-B023-03135FDF6AF8}.Release|x86.Build.0 = Release|Any CPU
		{EA1AFB64-D454-4999-9E8D-E0F5A139969E}.Debug|Any CPU.ActiveCfg = Debug|Any CPU
		{EA1AFB64-D454-4999-9E8D-E0F5A139969E}.Debug|Any CPU.Build.0 = Debug|Any CPU
		{EA1AFB64-D454-4999-9E8D-E0F5A139969E}.Debug|x64.ActiveCfg = Debug|Any CPU
		{EA1AFB64-D454-4999-9E8D-E0F5A139969E}.Debug|x64.Build.0 = Debug|Any CPU
		{EA1AFB64-D454-4999-9E8D-E0F5A139969E}.Debug|x86.ActiveCfg = Debug|Any CPU
		{EA1AFB64-D454-4999-9E8D-E0F5A139969E}.Debug|x86.Build.0 = Debug|Any CPU
		{EA1AFB64-D454-4999-9E8D-E0F5A139969E}.Net5|Any CPU.ActiveCfg = Debug|Any CPU
		{EA1AFB64-D454-4999-9E8D-E0F5A139969E}.Net5|Any CPU.Build.0 = Debug|Any CPU
		{EA1AFB64-D454-4999-9E8D-E0F5A139969E}.Net5|x64.ActiveCfg = Debug|Any CPU
		{EA1AFB64-D454-4999-9E8D-E0F5A139969E}.Net5|x64.Build.0 = Debug|Any CPU
		{EA1AFB64-D454-4999-9E8D-E0F5A139969E}.Net5|x86.ActiveCfg = Debug|Any CPU
		{EA1AFB64-D454-4999-9E8D-E0F5A139969E}.Net5|x86.Build.0 = Debug|Any CPU
		{EA1AFB64-D454-4999-9E8D-E0F5A139969E}.Release|Any CPU.ActiveCfg = Release|Any CPU
		{EA1AFB64-D454-4999-9E8D-E0F5A139969E}.Release|Any CPU.Build.0 = Release|Any CPU
		{EA1AFB64-D454-4999-9E8D-E0F5A139969E}.Release|x64.ActiveCfg = Release|Any CPU
		{EA1AFB64-D454-4999-9E8D-E0F5A139969E}.Release|x64.Build.0 = Release|Any CPU
		{EA1AFB64-D454-4999-9E8D-E0F5A139969E}.Release|x86.ActiveCfg = Release|Any CPU
		{EA1AFB64-D454-4999-9E8D-E0F5A139969E}.Release|x86.Build.0 = Release|Any CPU
		{1436C9E6-3F75-4AA3-BBBD-081209510A01}.Debug|Any CPU.ActiveCfg = Debug|Any CPU
		{1436C9E6-3F75-4AA3-BBBD-081209510A01}.Debug|Any CPU.Build.0 = Debug|Any CPU
		{1436C9E6-3F75-4AA3-BBBD-081209510A01}.Debug|x64.ActiveCfg = Debug|Any CPU
		{1436C9E6-3F75-4AA3-BBBD-081209510A01}.Debug|x64.Build.0 = Debug|Any CPU
		{1436C9E6-3F75-4AA3-BBBD-081209510A01}.Debug|x86.ActiveCfg = Debug|Any CPU
		{1436C9E6-3F75-4AA3-BBBD-081209510A01}.Debug|x86.Build.0 = Debug|Any CPU
		{1436C9E6-3F75-4AA3-BBBD-081209510A01}.Net5|Any CPU.ActiveCfg = Debug|Any CPU
		{1436C9E6-3F75-4AA3-BBBD-081209510A01}.Net5|Any CPU.Build.0 = Debug|Any CPU
		{1436C9E6-3F75-4AA3-BBBD-081209510A01}.Net5|x64.ActiveCfg = Debug|Any CPU
		{1436C9E6-3F75-4AA3-BBBD-081209510A01}.Net5|x64.Build.0 = Debug|Any CPU
		{1436C9E6-3F75-4AA3-BBBD-081209510A01}.Net5|x86.ActiveCfg = Debug|Any CPU
		{1436C9E6-3F75-4AA3-BBBD-081209510A01}.Net5|x86.Build.0 = Debug|Any CPU
		{1436C9E6-3F75-4AA3-BBBD-081209510A01}.Release|Any CPU.ActiveCfg = Release|Any CPU
		{1436C9E6-3F75-4AA3-BBBD-081209510A01}.Release|Any CPU.Build.0 = Release|Any CPU
		{1436C9E6-3F75-4AA3-BBBD-081209510A01}.Release|x64.ActiveCfg = Release|Any CPU
		{1436C9E6-3F75-4AA3-BBBD-081209510A01}.Release|x64.Build.0 = Release|Any CPU
		{1436C9E6-3F75-4AA3-BBBD-081209510A01}.Release|x86.ActiveCfg = Release|Any CPU
		{1436C9E6-3F75-4AA3-BBBD-081209510A01}.Release|x86.Build.0 = Release|Any CPU
		{897EDEE0-E1CE-47BC-8344-BBACC2274576}.Debug|Any CPU.ActiveCfg = Debug|Any CPU
		{897EDEE0-E1CE-47BC-8344-BBACC2274576}.Debug|Any CPU.Build.0 = Debug|Any CPU
		{897EDEE0-E1CE-47BC-8344-BBACC2274576}.Debug|x64.ActiveCfg = Debug|Any CPU
		{897EDEE0-E1CE-47BC-8344-BBACC2274576}.Debug|x64.Build.0 = Debug|Any CPU
		{897EDEE0-E1CE-47BC-8344-BBACC2274576}.Debug|x86.ActiveCfg = Debug|Any CPU
		{897EDEE0-E1CE-47BC-8344-BBACC2274576}.Debug|x86.Build.0 = Debug|Any CPU
		{897EDEE0-E1CE-47BC-8344-BBACC2274576}.Net5|Any CPU.ActiveCfg = Debug|Any CPU
		{897EDEE0-E1CE-47BC-8344-BBACC2274576}.Net5|Any CPU.Build.0 = Debug|Any CPU
		{897EDEE0-E1CE-47BC-8344-BBACC2274576}.Net5|x64.ActiveCfg = Debug|Any CPU
		{897EDEE0-E1CE-47BC-8344-BBACC2274576}.Net5|x64.Build.0 = Debug|Any CPU
		{897EDEE0-E1CE-47BC-8344-BBACC2274576}.Net5|x86.ActiveCfg = Debug|Any CPU
		{897EDEE0-E1CE-47BC-8344-BBACC2274576}.Net5|x86.Build.0 = Debug|Any CPU
		{897EDEE0-E1CE-47BC-8344-BBACC2274576}.Release|Any CPU.ActiveCfg = Release|Any CPU
		{897EDEE0-E1CE-47BC-8344-BBACC2274576}.Release|Any CPU.Build.0 = Release|Any CPU
		{897EDEE0-E1CE-47BC-8344-BBACC2274576}.Release|x64.ActiveCfg = Release|Any CPU
		{897EDEE0-E1CE-47BC-8344-BBACC2274576}.Release|x64.Build.0 = Release|Any CPU
		{897EDEE0-E1CE-47BC-8344-BBACC2274576}.Release|x86.ActiveCfg = Release|Any CPU
		{897EDEE0-E1CE-47BC-8344-BBACC2274576}.Release|x86.Build.0 = Release|Any CPU
		{D954CA71-2843-44E5-88AC-A85EA0D25094}.Debug|Any CPU.ActiveCfg = Debug|Any CPU
		{D954CA71-2843-44E5-88AC-A85EA0D25094}.Debug|Any CPU.Build.0 = Debug|Any CPU
		{D954CA71-2843-44E5-88AC-A85EA0D25094}.Debug|x64.ActiveCfg = Debug|Any CPU
		{D954CA71-2843-44E5-88AC-A85EA0D25094}.Debug|x64.Build.0 = Debug|Any CPU
		{D954CA71-2843-44E5-88AC-A85EA0D25094}.Debug|x86.ActiveCfg = Debug|Any CPU
		{D954CA71-2843-44E5-88AC-A85EA0D25094}.Debug|x86.Build.0 = Debug|Any CPU
		{D954CA71-2843-44E5-88AC-A85EA0D25094}.Net5|Any CPU.ActiveCfg = Debug|Any CPU
		{D954CA71-2843-44E5-88AC-A85EA0D25094}.Net5|Any CPU.Build.0 = Debug|Any CPU
		{D954CA71-2843-44E5-88AC-A85EA0D25094}.Net5|x64.ActiveCfg = Debug|Any CPU
		{D954CA71-2843-44E5-88AC-A85EA0D25094}.Net5|x64.Build.0 = Debug|Any CPU
		{D954CA71-2843-44E5-88AC-A85EA0D25094}.Net5|x86.ActiveCfg = Debug|Any CPU
		{D954CA71-2843-44E5-88AC-A85EA0D25094}.Net5|x86.Build.0 = Debug|Any CPU
		{D954CA71-2843-44E5-88AC-A85EA0D25094}.Release|Any CPU.ActiveCfg = Release|Any CPU
		{D954CA71-2843-44E5-88AC-A85EA0D25094}.Release|Any CPU.Build.0 = Release|Any CPU
		{D954CA71-2843-44E5-88AC-A85EA0D25094}.Release|x64.ActiveCfg = Release|Any CPU
		{D954CA71-2843-44E5-88AC-A85EA0D25094}.Release|x64.Build.0 = Release|Any CPU
		{D954CA71-2843-44E5-88AC-A85EA0D25094}.Release|x86.ActiveCfg = Release|Any CPU
		{D954CA71-2843-44E5-88AC-A85EA0D25094}.Release|x86.Build.0 = Release|Any CPU
		{E1B9C499-572D-474D-9D1D-D11F3291EACC}.Debug|Any CPU.ActiveCfg = Debug|Any CPU
		{E1B9C499-572D-474D-9D1D-D11F3291EACC}.Debug|Any CPU.Build.0 = Debug|Any CPU
		{E1B9C499-572D-474D-9D1D-D11F3291EACC}.Debug|x64.ActiveCfg = Debug|Any CPU
		{E1B9C499-572D-474D-9D1D-D11F3291EACC}.Debug|x64.Build.0 = Debug|Any CPU
		{E1B9C499-572D-474D-9D1D-D11F3291EACC}.Debug|x86.ActiveCfg = Debug|Any CPU
		{E1B9C499-572D-474D-9D1D-D11F3291EACC}.Debug|x86.Build.0 = Debug|Any CPU
		{E1B9C499-572D-474D-9D1D-D11F3291EACC}.Net5|Any CPU.ActiveCfg = Debug|Any CPU
		{E1B9C499-572D-474D-9D1D-D11F3291EACC}.Net5|Any CPU.Build.0 = Debug|Any CPU
		{E1B9C499-572D-474D-9D1D-D11F3291EACC}.Net5|x64.ActiveCfg = Debug|Any CPU
		{E1B9C499-572D-474D-9D1D-D11F3291EACC}.Net5|x64.Build.0 = Debug|Any CPU
		{E1B9C499-572D-474D-9D1D-D11F3291EACC}.Net5|x86.ActiveCfg = Debug|Any CPU
		{E1B9C499-572D-474D-9D1D-D11F3291EACC}.Net5|x86.Build.0 = Debug|Any CPU
		{E1B9C499-572D-474D-9D1D-D11F3291EACC}.Release|Any CPU.ActiveCfg = Release|Any CPU
		{E1B9C499-572D-474D-9D1D-D11F3291EACC}.Release|Any CPU.Build.0 = Release|Any CPU
		{E1B9C499-572D-474D-9D1D-D11F3291EACC}.Release|x64.ActiveCfg = Release|Any CPU
		{E1B9C499-572D-474D-9D1D-D11F3291EACC}.Release|x64.Build.0 = Release|Any CPU
		{E1B9C499-572D-474D-9D1D-D11F3291EACC}.Release|x86.ActiveCfg = Release|Any CPU
		{E1B9C499-572D-474D-9D1D-D11F3291EACC}.Release|x86.Build.0 = Release|Any CPU
		{1435B566-1C26-4F02-ADDC-3349D2B91D3C}.Debug|Any CPU.ActiveCfg = Debug|Any CPU
		{1435B566-1C26-4F02-ADDC-3349D2B91D3C}.Debug|Any CPU.Build.0 = Debug|Any CPU
		{1435B566-1C26-4F02-ADDC-3349D2B91D3C}.Debug|x64.ActiveCfg = Debug|Any CPU
		{1435B566-1C26-4F02-ADDC-3349D2B91D3C}.Debug|x64.Build.0 = Debug|Any CPU
		{1435B566-1C26-4F02-ADDC-3349D2B91D3C}.Debug|x86.ActiveCfg = Debug|Any CPU
		{1435B566-1C26-4F02-ADDC-3349D2B91D3C}.Debug|x86.Build.0 = Debug|Any CPU
		{1435B566-1C26-4F02-ADDC-3349D2B91D3C}.Net5|Any CPU.ActiveCfg = Debug|Any CPU
		{1435B566-1C26-4F02-ADDC-3349D2B91D3C}.Net5|Any CPU.Build.0 = Debug|Any CPU
		{1435B566-1C26-4F02-ADDC-3349D2B91D3C}.Net5|x64.ActiveCfg = Debug|Any CPU
		{1435B566-1C26-4F02-ADDC-3349D2B91D3C}.Net5|x64.Build.0 = Debug|Any CPU
		{1435B566-1C26-4F02-ADDC-3349D2B91D3C}.Net5|x86.ActiveCfg = Debug|Any CPU
		{1435B566-1C26-4F02-ADDC-3349D2B91D3C}.Net5|x86.Build.0 = Debug|Any CPU
		{1435B566-1C26-4F02-ADDC-3349D2B91D3C}.Release|Any CPU.ActiveCfg = Release|Any CPU
		{1435B566-1C26-4F02-ADDC-3349D2B91D3C}.Release|Any CPU.Build.0 = Release|Any CPU
		{1435B566-1C26-4F02-ADDC-3349D2B91D3C}.Release|x64.ActiveCfg = Release|Any CPU
		{1435B566-1C26-4F02-ADDC-3349D2B91D3C}.Release|x64.Build.0 = Release|Any CPU
		{1435B566-1C26-4F02-ADDC-3349D2B91D3C}.Release|x86.ActiveCfg = Release|Any CPU
		{1435B566-1C26-4F02-ADDC-3349D2B91D3C}.Release|x86.Build.0 = Release|Any CPU
		{A2DA8B2B-AA34-4704-9FE5-4A423B25AC1C}.Debug|Any CPU.ActiveCfg = Release|x64
		{A2DA8B2B-AA34-4704-9FE5-4A423B25AC1C}.Debug|Any CPU.Build.0 = Release|x64
		{A2DA8B2B-AA34-4704-9FE5-4A423B25AC1C}.Debug|Any CPU.Deploy.0 = Release|x64
		{A2DA8B2B-AA34-4704-9FE5-4A423B25AC1C}.Debug|x64.ActiveCfg = Debug|x64
		{A2DA8B2B-AA34-4704-9FE5-4A423B25AC1C}.Debug|x64.Build.0 = Debug|x64
		{A2DA8B2B-AA34-4704-9FE5-4A423B25AC1C}.Debug|x64.Deploy.0 = Debug|x64
		{A2DA8B2B-AA34-4704-9FE5-4A423B25AC1C}.Debug|x86.ActiveCfg = Debug|x86
		{A2DA8B2B-AA34-4704-9FE5-4A423B25AC1C}.Debug|x86.Build.0 = Debug|x86
		{A2DA8B2B-AA34-4704-9FE5-4A423B25AC1C}.Debug|x86.Deploy.0 = Debug|x86
		{A2DA8B2B-AA34-4704-9FE5-4A423B25AC1C}.Net5|Any CPU.ActiveCfg = Debug|x64
		{A2DA8B2B-AA34-4704-9FE5-4A423B25AC1C}.Net5|Any CPU.Build.0 = Debug|x64
		{A2DA8B2B-AA34-4704-9FE5-4A423B25AC1C}.Net5|Any CPU.Deploy.0 = Debug|x64
		{A2DA8B2B-AA34-4704-9FE5-4A423B25AC1C}.Net5|x64.ActiveCfg = Debug|x64
		{A2DA8B2B-AA34-4704-9FE5-4A423B25AC1C}.Net5|x64.Build.0 = Debug|x64
		{A2DA8B2B-AA34-4704-9FE5-4A423B25AC1C}.Net5|x64.Deploy.0 = Debug|x64
		{A2DA8B2B-AA34-4704-9FE5-4A423B25AC1C}.Net5|x86.ActiveCfg = Debug|x86
		{A2DA8B2B-AA34-4704-9FE5-4A423B25AC1C}.Net5|x86.Build.0 = Debug|x86
		{A2DA8B2B-AA34-4704-9FE5-4A423B25AC1C}.Net5|x86.Deploy.0 = Debug|x86
		{A2DA8B2B-AA34-4704-9FE5-4A423B25AC1C}.Release|Any CPU.ActiveCfg = Release|x64
		{A2DA8B2B-AA34-4704-9FE5-4A423B25AC1C}.Release|Any CPU.Build.0 = Release|x64
		{A2DA8B2B-AA34-4704-9FE5-4A423B25AC1C}.Release|Any CPU.Deploy.0 = Release|x64
		{A2DA8B2B-AA34-4704-9FE5-4A423B25AC1C}.Release|x64.ActiveCfg = Release|x64
		{A2DA8B2B-AA34-4704-9FE5-4A423B25AC1C}.Release|x64.Build.0 = Release|x64
		{A2DA8B2B-AA34-4704-9FE5-4A423B25AC1C}.Release|x64.Deploy.0 = Release|x64
		{A2DA8B2B-AA34-4704-9FE5-4A423B25AC1C}.Release|x86.ActiveCfg = Release|x86
		{A2DA8B2B-AA34-4704-9FE5-4A423B25AC1C}.Release|x86.Build.0 = Release|x86
		{A2DA8B2B-AA34-4704-9FE5-4A423B25AC1C}.Release|x86.Deploy.0 = Release|x86
		{7EB72B29-89F6-40B5-B9E4-A7C701985885}.Debug|Any CPU.ActiveCfg = Debug|Any CPU
		{7EB72B29-89F6-40B5-B9E4-A7C701985885}.Debug|Any CPU.Build.0 = Debug|Any CPU
		{7EB72B29-89F6-40B5-B9E4-A7C701985885}.Debug|x64.ActiveCfg = Debug|Any CPU
		{7EB72B29-89F6-40B5-B9E4-A7C701985885}.Debug|x64.Build.0 = Debug|Any CPU
		{7EB72B29-89F6-40B5-B9E4-A7C701985885}.Debug|x86.ActiveCfg = Debug|Any CPU
		{7EB72B29-89F6-40B5-B9E4-A7C701985885}.Debug|x86.Build.0 = Debug|Any CPU
		{7EB72B29-89F6-40B5-B9E4-A7C701985885}.Net5|Any CPU.ActiveCfg = Debug|Any CPU
		{7EB72B29-89F6-40B5-B9E4-A7C701985885}.Net5|Any CPU.Build.0 = Debug|Any CPU
		{7EB72B29-89F6-40B5-B9E4-A7C701985885}.Net5|x64.ActiveCfg = Debug|Any CPU
		{7EB72B29-89F6-40B5-B9E4-A7C701985885}.Net5|x64.Build.0 = Debug|Any CPU
		{7EB72B29-89F6-40B5-B9E4-A7C701985885}.Net5|x86.ActiveCfg = Debug|Any CPU
		{7EB72B29-89F6-40B5-B9E4-A7C701985885}.Net5|x86.Build.0 = Debug|Any CPU
		{7EB72B29-89F6-40B5-B9E4-A7C701985885}.Release|Any CPU.ActiveCfg = Release|Any CPU
		{7EB72B29-89F6-40B5-B9E4-A7C701985885}.Release|Any CPU.Build.0 = Release|Any CPU
		{7EB72B29-89F6-40B5-B9E4-A7C701985885}.Release|x64.ActiveCfg = Release|Any CPU
		{7EB72B29-89F6-40B5-B9E4-A7C701985885}.Release|x64.Build.0 = Release|Any CPU
		{7EB72B29-89F6-40B5-B9E4-A7C701985885}.Release|x86.ActiveCfg = Release|Any CPU
		{7EB72B29-89F6-40B5-B9E4-A7C701985885}.Release|x86.Build.0 = Release|Any CPU
		{DF49317E-E2E6-44C6-9D91-DD5584A90DD2}.Debug|Any CPU.ActiveCfg = Debug|Any CPU
		{DF49317E-E2E6-44C6-9D91-DD5584A90DD2}.Debug|Any CPU.Build.0 = Debug|Any CPU
		{DF49317E-E2E6-44C6-9D91-DD5584A90DD2}.Debug|x64.ActiveCfg = Debug|Any CPU
		{DF49317E-E2E6-44C6-9D91-DD5584A90DD2}.Debug|x64.Build.0 = Debug|Any CPU
		{DF49317E-E2E6-44C6-9D91-DD5584A90DD2}.Debug|x86.ActiveCfg = Debug|Any CPU
		{DF49317E-E2E6-44C6-9D91-DD5584A90DD2}.Debug|x86.Build.0 = Debug|Any CPU
		{DF49317E-E2E6-44C6-9D91-DD5584A90DD2}.Net5|Any CPU.ActiveCfg = Debug|Any CPU
		{DF49317E-E2E6-44C6-9D91-DD5584A90DD2}.Net5|Any CPU.Build.0 = Debug|Any CPU
		{DF49317E-E2E6-44C6-9D91-DD5584A90DD2}.Net5|x64.ActiveCfg = Debug|Any CPU
		{DF49317E-E2E6-44C6-9D91-DD5584A90DD2}.Net5|x64.Build.0 = Debug|Any CPU
		{DF49317E-E2E6-44C6-9D91-DD5584A90DD2}.Net5|x86.ActiveCfg = Debug|Any CPU
		{DF49317E-E2E6-44C6-9D91-DD5584A90DD2}.Net5|x86.Build.0 = Debug|Any CPU
		{DF49317E-E2E6-44C6-9D91-DD5584A90DD2}.Release|Any CPU.ActiveCfg = Release|Any CPU
		{DF49317E-E2E6-44C6-9D91-DD5584A90DD2}.Release|Any CPU.Build.0 = Release|Any CPU
		{DF49317E-E2E6-44C6-9D91-DD5584A90DD2}.Release|x64.ActiveCfg = Release|Any CPU
		{DF49317E-E2E6-44C6-9D91-DD5584A90DD2}.Release|x64.Build.0 = Release|Any CPU
		{DF49317E-E2E6-44C6-9D91-DD5584A90DD2}.Release|x86.ActiveCfg = Release|Any CPU
		{DF49317E-E2E6-44C6-9D91-DD5584A90DD2}.Release|x86.Build.0 = Release|Any CPU
		{B53C9EE5-D75C-4C87-8F55-572692CBD778}.Debug|Any CPU.ActiveCfg = Debug|Any CPU
		{B53C9EE5-D75C-4C87-8F55-572692CBD778}.Debug|Any CPU.Build.0 = Debug|Any CPU
		{B53C9EE5-D75C-4C87-8F55-572692CBD778}.Debug|x64.ActiveCfg = Debug|Any CPU
		{B53C9EE5-D75C-4C87-8F55-572692CBD778}.Debug|x64.Build.0 = Debug|Any CPU
		{B53C9EE5-D75C-4C87-8F55-572692CBD778}.Debug|x86.ActiveCfg = Debug|Any CPU
		{B53C9EE5-D75C-4C87-8F55-572692CBD778}.Debug|x86.Build.0 = Debug|Any CPU
		{B53C9EE5-D75C-4C87-8F55-572692CBD778}.Net5|Any CPU.ActiveCfg = Debug|Any CPU
		{B53C9EE5-D75C-4C87-8F55-572692CBD778}.Net5|Any CPU.Build.0 = Debug|Any CPU
		{B53C9EE5-D75C-4C87-8F55-572692CBD778}.Net5|x64.ActiveCfg = Debug|Any CPU
		{B53C9EE5-D75C-4C87-8F55-572692CBD778}.Net5|x64.Build.0 = Debug|Any CPU
		{B53C9EE5-D75C-4C87-8F55-572692CBD778}.Net5|x86.ActiveCfg = Debug|Any CPU
		{B53C9EE5-D75C-4C87-8F55-572692CBD778}.Net5|x86.Build.0 = Debug|Any CPU
		{B53C9EE5-D75C-4C87-8F55-572692CBD778}.Release|Any CPU.ActiveCfg = Release|Any CPU
		{B53C9EE5-D75C-4C87-8F55-572692CBD778}.Release|Any CPU.Build.0 = Release|Any CPU
		{B53C9EE5-D75C-4C87-8F55-572692CBD778}.Release|x64.ActiveCfg = Release|Any CPU
		{B53C9EE5-D75C-4C87-8F55-572692CBD778}.Release|x64.Build.0 = Release|Any CPU
		{B53C9EE5-D75C-4C87-8F55-572692CBD778}.Release|x86.ActiveCfg = Release|Any CPU
		{B53C9EE5-D75C-4C87-8F55-572692CBD778}.Release|x86.Build.0 = Release|Any CPU
		{2FC417AA-6E68-4AE9-ADFF-4F0E8F37BA2D}.Debug|Any CPU.ActiveCfg = Debug|Any CPU
		{2FC417AA-6E68-4AE9-ADFF-4F0E8F37BA2D}.Debug|Any CPU.Build.0 = Debug|Any CPU
		{2FC417AA-6E68-4AE9-ADFF-4F0E8F37BA2D}.Debug|x64.ActiveCfg = Debug|Any CPU
		{2FC417AA-6E68-4AE9-ADFF-4F0E8F37BA2D}.Debug|x64.Build.0 = Debug|Any CPU
		{2FC417AA-6E68-4AE9-ADFF-4F0E8F37BA2D}.Debug|x86.ActiveCfg = Debug|Any CPU
		{2FC417AA-6E68-4AE9-ADFF-4F0E8F37BA2D}.Debug|x86.Build.0 = Debug|Any CPU
		{2FC417AA-6E68-4AE9-ADFF-4F0E8F37BA2D}.Net5|Any CPU.ActiveCfg = Debug|Any CPU
		{2FC417AA-6E68-4AE9-ADFF-4F0E8F37BA2D}.Net5|Any CPU.Build.0 = Debug|Any CPU
		{2FC417AA-6E68-4AE9-ADFF-4F0E8F37BA2D}.Net5|x64.ActiveCfg = Debug|Any CPU
		{2FC417AA-6E68-4AE9-ADFF-4F0E8F37BA2D}.Net5|x64.Build.0 = Debug|Any CPU
		{2FC417AA-6E68-4AE9-ADFF-4F0E8F37BA2D}.Net5|x86.ActiveCfg = Debug|Any CPU
		{2FC417AA-6E68-4AE9-ADFF-4F0E8F37BA2D}.Net5|x86.Build.0 = Debug|Any CPU
		{2FC417AA-6E68-4AE9-ADFF-4F0E8F37BA2D}.Release|Any CPU.ActiveCfg = Release|Any CPU
		{2FC417AA-6E68-4AE9-ADFF-4F0E8F37BA2D}.Release|Any CPU.Build.0 = Release|Any CPU
		{2FC417AA-6E68-4AE9-ADFF-4F0E8F37BA2D}.Release|x64.ActiveCfg = Release|Any CPU
		{2FC417AA-6E68-4AE9-ADFF-4F0E8F37BA2D}.Release|x64.Build.0 = Release|Any CPU
		{2FC417AA-6E68-4AE9-ADFF-4F0E8F37BA2D}.Release|x86.ActiveCfg = Release|Any CPU
		{2FC417AA-6E68-4AE9-ADFF-4F0E8F37BA2D}.Release|x86.Build.0 = Release|Any CPU
	EndGlobalSection
	GlobalSection(SolutionProperties) = preSolution
		HideSolutionNode = FALSE
	EndGlobalSection
	GlobalSection(NestedProjects) = preSolution
		{703927F4-180F-4496-821D-161D8C23A468} = {EABD8CFD-B082-4669-A1D1-8C9F01BD77AC}
		{D6F81899-A25C-4ED4-B4A1-65058BEB3B52} = {EABD8CFD-B082-4669-A1D1-8C9F01BD77AC}
		{6A18DB57-AE97-4EBA-A0A2-3C3B36C970B5} = {EABD8CFD-B082-4669-A1D1-8C9F01BD77AC}
		{9551B72D-C66E-4A87-80CF-4FDE17ABFEA7} = {EABD8CFD-B082-4669-A1D1-8C9F01BD77AC}
		{F13452DF-24B6-47C6-BB83-AE724DEC6345} = {EABD8CFD-B082-4669-A1D1-8C9F01BD77AC}
		{7E3F4CD0-3B92-45CA-A3C6-A8BBCAAA121E} = {EABD8CFD-B082-4669-A1D1-8C9F01BD77AC}
		{312B50D5-0A91-4927-A44A-691EE00E9F87} = {EABD8CFD-B082-4669-A1D1-8C9F01BD77AC}
		{84FC3E56-516D-42F1-8A98-14CF18F9E68C} = {EABD8CFD-B082-4669-A1D1-8C9F01BD77AC}
		{4C93444E-7E9C-43E0-8323-73FEBB4FDA93} = {EABD8CFD-B082-4669-A1D1-8C9F01BD77AC}
		{B9B80F8A-0A71-45F7-B866-3715879747B8} = {EABD8CFD-B082-4669-A1D1-8C9F01BD77AC}
		{9129CAD5-7C51-42FB-AA18-0FD9DB1F83D9} = {EABD8CFD-B082-4669-A1D1-8C9F01BD77AC}
		{21C7750F-5063-41F2-9A14-F4C29AEB04F9} = {EABD8CFD-B082-4669-A1D1-8C9F01BD77AC}
		{D8EAA1E3-0C69-4E14-890A-0D39A5B6CA0E} = {EABD8CFD-B082-4669-A1D1-8C9F01BD77AC}
		{90A027B4-0A8A-459E-8D2A-8A190D6AAEE2} = {EABD8CFD-B082-4669-A1D1-8C9F01BD77AC}
		{23E2CAC8-48CD-4DC9-B43B-5325C33C0CE4} = {B511C1EC-E3B8-48AF-A1D9-6EF792D2B0F1}
		{C6E26CB7-5CEC-487D-B5C6-BC32068E05D5} = {0E4B93FB-B407-4D21-A137-9316738F30E1}
		{68911681-D0D4-4BF6-BC7F-4A73C2086A4A} = {0E4B93FB-B407-4D21-A137-9316738F30E1}
		{8F9368A0-B9EA-47C4-B203-34CC223D5010} = {B511C1EC-E3B8-48AF-A1D9-6EF792D2B0F1}
		{055E6617-DE34-4248-8F7B-D1F3AA43AECB} = {B511C1EC-E3B8-48AF-A1D9-6EF792D2B0F1}
		{3D883F89-2731-4255-9CF1-DE76BC5274BB} = {0E4B93FB-B407-4D21-A137-9316738F30E1}
		{62971819-48F7-4B9E-9117-964FCBEF494C} = {0E4B93FB-B407-4D21-A137-9316738F30E1}
		{50EDE43A-DFE8-4E31-84C2-34FA780ECA3F} = {23E2CAC8-48CD-4DC9-B43B-5325C33C0CE4}
		{921E041A-5030-427A-BD2E-4ACE4C29C5FB} = {23E2CAC8-48CD-4DC9-B43B-5325C33C0CE4}
		{9E315B5F-94C6-4CC5-B023-03135FDF6AF8} = {23E2CAC8-48CD-4DC9-B43B-5325C33C0CE4}
		{A0ADC422-1C02-4A84-A732-5E7497DE07DD} = {B511C1EC-E3B8-48AF-A1D9-6EF792D2B0F1}
		{EA1AFB64-D454-4999-9E8D-E0F5A139969E} = {A0ADC422-1C02-4A84-A732-5E7497DE07DD}
		{1436C9E6-3F75-4AA3-BBBD-081209510A01} = {A0ADC422-1C02-4A84-A732-5E7497DE07DD}
		{897EDEE0-E1CE-47BC-8344-BBACC2274576} = {A0ADC422-1C02-4A84-A732-5E7497DE07DD}
		{D954CA71-2843-44E5-88AC-A85EA0D25094} = {A0ADC422-1C02-4A84-A732-5E7497DE07DD}
		{E1B9C499-572D-474D-9D1D-D11F3291EACC} = {A0ADC422-1C02-4A84-A732-5E7497DE07DD}
		{1435B566-1C26-4F02-ADDC-3349D2B91D3C} = {A0ADC422-1C02-4A84-A732-5E7497DE07DD}
		{A2DA8B2B-AA34-4704-9FE5-4A423B25AC1C} = {A0ADC422-1C02-4A84-A732-5E7497DE07DD}
		{E8F84E34-F012-44B5-B47D-E1BBCEA27778} = {B511C1EC-E3B8-48AF-A1D9-6EF792D2B0F1}
		{7EB72B29-89F6-40B5-B9E4-A7C701985885} = {E8F84E34-F012-44B5-B47D-E1BBCEA27778}
		{DF49317E-E2E6-44C6-9D91-DD5584A90DD2} = {E8F84E34-F012-44B5-B47D-E1BBCEA27778}
		{E7405099-6743-4586-AD89-02EA19B1792B} = {B511C1EC-E3B8-48AF-A1D9-6EF792D2B0F1}
		{B53C9EE5-D75C-4C87-8F55-572692CBD778} = {E7405099-6743-4586-AD89-02EA19B1792B}
		{2FC417AA-6E68-4AE9-ADFF-4F0E8F37BA2D} = {E7405099-6743-4586-AD89-02EA19B1792B}
		{DE98CDB6-750E-4ABC-9506-B4BE9C0C20DE} = {02EA681E-C7D8-13C7-8484-4AC65E1B71E8}
		{72AE273F-5ACF-4499-BB00-7C5783CE2AD3} = {02EA681E-C7D8-13C7-8484-4AC65E1B71E8}
	EndGlobalSection
	GlobalSection(ExtensibilityGlobals) = postSolution
		SolutionGuid = {F11FBEE2-1C87-443B-A9EE-058D9275B71B}
	EndGlobalSection
EndGlobal
