
Microsoft Visual Studio Solution File, Format Version 12.00
# Visual Studio Version 17
VisualStudioVersion = 17.11.35312.102
MinimumVisualStudioVersion = 10.0.40219.1
Project("{2150E333-8FDC-42A3-9474-1A3956D46DE8}") = "Communication", "Communication", "{EABD8CFD-B082-4669-A1D1-8C9F01BD77AC}"
EndProject
Project("{FAE04EC0-301F-11D3-BF4B-00C04F79EFBC}") = "OutWit.Communication", "Communication\OutWit.Communication\OutWit.Communication.csproj", "{703927F4-180F-4496-821D-161D8C23A468}"
EndProject
Project("{FAE04EC0-301F-11D3-BF4B-00C04F79EFBC}") = "OutWit.Communication.Client", "Communication\OutWit.Communication.Client\OutWit.Communication.Client.csproj", "{D6F81899-A25C-4ED4-B4A1-65058BEB3B52}"
EndProject
Project("{FAE04EC0-301F-11D3-BF4B-00C04F79EFBC}") = "OutWit.Communication.Server", "Communication\OutWit.Communication.Server\OutWit.Communication.Server.csproj", "{6A18DB57-AE97-4EBA-A0A2-3C3B36C970B5}"
EndProject
Project("{FAE04EC0-301F-11D3-BF4B-00C04F79EFBC}") = "OutWit.Communication.Client.Pipes", "Communication\OutWit.Communication.Client.Pipes\OutWit.Communication.Client.Pipes.csproj", "{9551B72D-C66E-4A87-80CF-4FDE17ABFEA7}"
EndProject
Project("{FAE04EC0-301F-11D3-BF4B-00C04F79EFBC}") = "OutWit.Communication.Server.Pipes", "Communication\OutWit.Communication.Server.Pipes\OutWit.Communication.Server.Pipes.csproj", "{F13452DF-24B6-47C6-BB83-AE724DEC6345}"
EndProject
Project("{FAE04EC0-301F-11D3-BF4B-00C04F79EFBC}") = "OutWit.Communication.Tests", "Communication\OutWit.Communication.Tests\OutWit.Communication.Tests.csproj", "{7E3F4CD0-3B92-45CA-A3C6-A8BBCAAA121E}"
EndProject
Project("{FAE04EC0-301F-11D3-BF4B-00C04F79EFBC}") = "OutWit.Communication.Client.Tcp", "Communication\OutWit.Communication.Client.Tcp\OutWit.Communication.Client.Tcp.csproj", "{312B50D5-0A91-4927-A44A-691EE00E9F87}"
EndProject
Project("{FAE04EC0-301F-11D3-BF4B-00C04F79EFBC}") = "OutWit.Communication.Server.Tcp", "Communication\OutWit.Communication.Server.Tcp\OutWit.Communication.Server.Tcp.csproj", "{84FC3E56-516D-42F1-8A98-14CF18F9E68C}"
EndProject
Project("{FAE04EC0-301F-11D3-BF4B-00C04F79EFBC}") = "OutWit.Communication.Client.WebSocket", "Communication\OutWit.Communication.Client.WebSocket\OutWit.Communication.Client.WebSocket.csproj", "{4C93444E-7E9C-43E0-8323-73FEBB4FDA93}"
EndProject
Project("{FAE04EC0-301F-11D3-BF4B-00C04F79EFBC}") = "OutWit.Communication.Server.WebSocket", "Communication\OutWit.Communication.Server.WebSocket\OutWit.Communication.Server.WebSocket.csproj", "{B9B80F8A-0A71-45F7-B866-3715879747B8}"
EndProject
Global
	GlobalSection(SolutionConfigurationPlatforms) = preSolution
		Debug|Any CPU = Debug|Any CPU
		Debug|x64 = Debug|x64
		Debug|x86 = Debug|x86
		Net5|Any CPU = Net5|Any CPU
		Net5|x64 = Net5|x64
		Net5|x86 = Net5|x86
		Release|Any CPU = Release|Any CPU
		Release|x64 = Release|x64
		Release|x86 = Release|x86
	EndGlobalSection
	GlobalSection(ProjectConfigurationPlatforms) = postSolution
		{703927F4-180F-4496-821D-161D8C23A468}.Debug|Any CPU.ActiveCfg = Debug|Any CPU
		{703927F4-180F-4496-821D-161D8C23A468}.Debug|Any CPU.Build.0 = Debug|Any CPU
		{703927F4-180F-4496-821D-161D8C23A468}.Debug|x64.ActiveCfg = Debug|Any CPU
		{703927F4-180F-4496-821D-161D8C23A468}.Debug|x64.Build.0 = Debug|Any CPU
		{703927F4-180F-4496-821D-161D8C23A468}.Debug|x86.ActiveCfg = Debug|Any CPU
		{703927F4-180F-4496-821D-161D8C23A468}.Debug|x86.Build.0 = Debug|Any CPU
		{703927F4-180F-4496-821D-161D8C23A468}.Net5|Any CPU.ActiveCfg = Debug|Any CPU
		{703927F4-180F-4496-821D-161D8C23A468}.Net5|Any CPU.Build.0 = Debug|Any CPU
		{703927F4-180F-4496-821D-161D8C23A468}.Net5|x64.ActiveCfg = Debug|Any CPU
		{703927F4-180F-4496-821D-161D8C23A468}.Net5|x64.Build.0 = Debug|Any CPU
		{703927F4-180F-4496-821D-161D8C23A468}.Net5|x86.ActiveCfg = Debug|Any CPU
		{703927F4-180F-4496-821D-161D8C23A468}.Net5|x86.Build.0 = Debug|Any CPU
		{703927F4-180F-4496-821D-161D8C23A468}.Release|Any CPU.ActiveCfg = Release|Any CPU
		{703927F4-180F-4496-821D-161D8C23A468}.Release|Any CPU.Build.0 = Release|Any CPU
		{703927F4-180F-4496-821D-161D8C23A468}.Release|x64.ActiveCfg = Release|Any CPU
		{703927F4-180F-4496-821D-161D8C23A468}.Release|x64.Build.0 = Release|Any CPU
		{703927F4-180F-4496-821D-161D8C23A468}.Release|x86.ActiveCfg = Release|Any CPU
		{703927F4-180F-4496-821D-161D8C23A468}.Release|x86.Build.0 = Release|Any CPU
		{D6F81899-A25C-4ED4-B4A1-65058BEB3B52}.Debug|Any CPU.ActiveCfg = Debug|Any CPU
		{D6F81899-A25C-4ED4-B4A1-65058BEB3B52}.Debug|Any CPU.Build.0 = Debug|Any CPU
		{D6F81899-A25C-4ED4-B4A1-65058BEB3B52}.Debug|x64.ActiveCfg = Debug|Any CPU
		{D6F81899-A25C-4ED4-B4A1-65058BEB3B52}.Debug|x64.Build.0 = Debug|Any CPU
		{D6F81899-A25C-4ED4-B4A1-65058BEB3B52}.Debug|x86.ActiveCfg = Debug|Any CPU
		{D6F81899-A25C-4ED4-B4A1-65058BEB3B52}.Debug|x86.Build.0 = Debug|Any CPU
		{D6F81899-A25C-4ED4-B4A1-65058BEB3B52}.Net5|Any CPU.ActiveCfg = Debug|Any CPU
		{D6F81899-A25C-4ED4-B4A1-65058BEB3B52}.Net5|Any CPU.Build.0 = Debug|Any CPU
		{D6F81899-A25C-4ED4-B4A1-65058BEB3B52}.Net5|x64.ActiveCfg = Debug|Any CPU
		{D6F81899-A25C-4ED4-B4A1-65058BEB3B52}.Net5|x64.Build.0 = Debug|Any CPU
		{D6F81899-A25C-4ED4-B4A1-65058BEB3B52}.Net5|x86.ActiveCfg = Debug|Any CPU
		{D6F81899-A25C-4ED4-B4A1-65058BEB3B52}.Net5|x86.Build.0 = Debug|Any CPU
		{D6F81899-A25C-4ED4-B4A1-65058BEB3B52}.Release|Any CPU.ActiveCfg = Release|Any CPU
		{D6F81899-A25C-4ED4-B4A1-65058BEB3B52}.Release|Any CPU.Build.0 = Release|Any CPU
		{D6F81899-A25C-4ED4-B4A1-65058BEB3B52}.Release|x64.ActiveCfg = Release|Any CPU
		{D6F81899-A25C-4ED4-B4A1-65058BEB3B52}.Release|x64.Build.0 = Release|Any CPU
		{D6F81899-A25C-4ED4-B4A1-65058BEB3B52}.Release|x86.ActiveCfg = Release|Any CPU
		{D6F81899-A25C-4ED4-B4A1-65058BEB3B52}.Release|x86.Build.0 = Release|Any CPU
		{6A18DB57-AE97-4EBA-A0A2-3C3B36C970B5}.Debug|Any CPU.ActiveCfg = Debug|Any CPU
		{6A18DB57-AE97-4EBA-A0A2-3C3B36C970B5}.Debug|Any CPU.Build.0 = Debug|Any CPU
		{6A18DB57-AE97-4EBA-A0A2-3C3B36C970B5}.Debug|x64.ActiveCfg = Debug|Any CPU
		{6A18DB57-AE97-4EBA-A0A2-3C3B36C970B5}.Debug|x64.Build.0 = Debug|Any CPU
		{6A18DB57-AE97-4EBA-A0A2-3C3B36C970B5}.Debug|x86.ActiveCfg = Debug|Any CPU
		{6A18DB57-AE97-4EBA-A0A2-3C3B36C970B5}.Debug|x86.Build.0 = Debug|Any CPU
		{6A18DB57-AE97-4EBA-A0A2-3C3B36C970B5}.Net5|Any CPU.ActiveCfg = Debug|Any CPU
		{6A18DB57-AE97-4EBA-A0A2-3C3B36C970B5}.Net5|Any CPU.Build.0 = Debug|Any CPU
		{6A18DB57-AE97-4EBA-A0A2-3C3B36C970B5}.Net5|x64.ActiveCfg = Debug|Any CPU
		{6A18DB57-AE97-4EBA-A0A2-3C3B36C970B5}.Net5|x64.Build.0 = Debug|Any CPU
		{6A18DB57-AE97-4EBA-A0A2-3C3B36C970B5}.Net5|x86.ActiveCfg = Debug|Any CPU
		{6A18DB57-AE97-4EBA-A0A2-3C3B36C970B5}.Net5|x86.Build.0 = Debug|Any CPU
		{6A18DB57-AE97-4EBA-A0A2-3C3B36C970B5}.Release|Any CPU.ActiveCfg = Release|Any CPU
		{6A18DB57-AE97-4EBA-A0A2-3C3B36C970B5}.Release|Any CPU.Build.0 = Release|Any CPU
		{6A18DB57-AE97-4EBA-A0A2-3C3B36C970B5}.Release|x64.ActiveCfg = Release|Any CPU
		{6A18DB57-AE97-4EBA-A0A2-3C3B36C970B5}.Release|x64.Build.0 = Release|Any CPU
		{6A18DB57-AE97-4EBA-A0A2-3C3B36C970B5}.Release|x86.ActiveCfg = Release|Any CPU
		{6A18DB57-AE97-4EBA-A0A2-3C3B36C970B5}.Release|x86.Build.0 = Release|Any CPU
		{9551B72D-C66E-4A87-80CF-4FDE17ABFEA7}.Debug|Any CPU.ActiveCfg = Debug|Any CPU
		{9551B72D-C66E-4A87-80CF-4FDE17ABFEA7}.Debug|Any CPU.Build.0 = Debug|Any CPU
		{9551B72D-C66E-4A87-80CF-4FDE17ABFEA7}.Debug|x64.ActiveCfg = Debug|Any CPU
		{9551B72D-C66E-4A87-80CF-4FDE17ABFEA7}.Debug|x64.Build.0 = Debug|Any CPU
		{9551B72D-C66E-4A87-80CF-4FDE17ABFEA7}.Debug|x86.ActiveCfg = Debug|Any CPU
		{9551B72D-C66E-4A87-80CF-4FDE17ABFEA7}.Debug|x86.Build.0 = Debug|Any CPU
		{9551B72D-C66E-4A87-80CF-4FDE17ABFEA7}.Net5|Any CPU.ActiveCfg = Debug|Any CPU
		{9551B72D-C66E-4A87-80CF-4FDE17ABFEA7}.Net5|Any CPU.Build.0 = Debug|Any CPU
		{9551B72D-C66E-4A87-80CF-4FDE17ABFEA7}.Net5|x64.ActiveCfg = Debug|Any CPU
		{9551B72D-C66E-4A87-80CF-4FDE17ABFEA7}.Net5|x64.Build.0 = Debug|Any CPU
		{9551B72D-C66E-4A87-80CF-4FDE17ABFEA7}.Net5|x86.ActiveCfg = Debug|Any CPU
		{9551B72D-C66E-4A87-80CF-4FDE17ABFEA7}.Net5|x86.Build.0 = Debug|Any CPU
		{9551B72D-C66E-4A87-80CF-4FDE17ABFEA7}.Release|Any CPU.ActiveCfg = Release|Any CPU
		{9551B72D-C66E-4A87-80CF-4FDE17ABFEA7}.Release|Any CPU.Build.0 = Release|Any CPU
		{9551B72D-C66E-4A87-80CF-4FDE17ABFEA7}.Release|x64.ActiveCfg = Release|Any CPU
		{9551B72D-C66E-4A87-80CF-4FDE17ABFEA7}.Release|x64.Build.0 = Release|Any CPU
		{9551B72D-C66E-4A87-80CF-4FDE17ABFEA7}.Release|x86.ActiveCfg = Release|Any CPU
		{9551B72D-C66E-4A87-80CF-4FDE17ABFEA7}.Release|x86.Build.0 = Release|Any CPU
		{F13452DF-24B6-47C6-BB83-AE724DEC6345}.Debug|Any CPU.ActiveCfg = Debug|Any CPU
		{F13452DF-24B6-47C6-BB83-AE724DEC6345}.Debug|Any CPU.Build.0 = Debug|Any CPU
		{F13452DF-24B6-47C6-BB83-AE724DEC6345}.Debug|x64.ActiveCfg = Debug|Any CPU
		{F13452DF-24B6-47C6-BB83-AE724DEC6345}.Debug|x64.Build.0 = Debug|Any CPU
		{F13452DF-24B6-47C6-BB83-AE724DEC6345}.Debug|x86.ActiveCfg = Debug|Any CPU
		{F13452DF-24B6-47C6-BB83-AE724DEC6345}.Debug|x86.Build.0 = Debug|Any CPU
		{F13452DF-24B6-47C6-BB83-AE724DEC6345}.Net5|Any CPU.ActiveCfg = Debug|Any CPU
		{F13452DF-24B6-47C6-BB83-AE724DEC6345}.Net5|Any CPU.Build.0 = Debug|Any CPU
		{F13452DF-24B6-47C6-BB83-AE724DEC6345}.Net5|x64.ActiveCfg = Debug|Any CPU
		{F13452DF-24B6-47C6-BB83-AE724DEC6345}.Net5|x64.Build.0 = Debug|Any CPU
		{F13452DF-24B6-47C6-BB83-AE724DEC6345}.Net5|x86.ActiveCfg = Debug|Any CPU
		{F13452DF-24B6-47C6-BB83-AE724DEC6345}.Net5|x86.Build.0 = Debug|Any CPU
		{F13452DF-24B6-47C6-BB83-AE724DEC6345}.Release|Any CPU.ActiveCfg = Release|Any CPU
		{F13452DF-24B6-47C6-BB83-AE724DEC6345}.Release|Any CPU.Build.0 = Release|Any CPU
		{F13452DF-24B6-47C6-BB83-AE724DEC6345}.Release|x64.ActiveCfg = Release|Any CPU
		{F13452DF-24B6-47C6-BB83-AE724DEC6345}.Release|x64.Build.0 = Release|Any CPU
		{F13452DF-24B6-47C6-BB83-AE724DEC6345}.Release|x86.ActiveCfg = Release|Any CPU
		{F13452DF-24B6-47C6-BB83-AE724DEC6345}.Release|x86.Build.0 = Release|Any CPU
		{7E3F4CD0-3B92-45CA-A3C6-A8BBCAAA121E}.Debug|Any CPU.ActiveCfg = Debug|Any CPU
		{7E3F4CD0-3B92-45CA-A3C6-A8BBCAAA121E}.Debug|Any CPU.Build.0 = Debug|Any CPU
		{7E3F4CD0-3B92-45CA-A3C6-A8BBCAAA121E}.Debug|x64.ActiveCfg = Debug|Any CPU
		{7E3F4CD0-3B92-45CA-A3C6-A8BBCAAA121E}.Debug|x64.Build.0 = Debug|Any CPU
		{7E3F4CD0-3B92-45CA-A3C6-A8BBCAAA121E}.Debug|x86.ActiveCfg = Debug|Any CPU
		{7E3F4CD0-3B92-45CA-A3C6-A8BBCAAA121E}.Debug|x86.Build.0 = Debug|Any CPU
		{7E3F4CD0-3B92-45CA-A3C6-A8BBCAAA121E}.Net5|Any CPU.ActiveCfg = Debug|Any CPU
		{7E3F4CD0-3B92-45CA-A3C6-A8BBCAAA121E}.Net5|Any CPU.Build.0 = Debug|Any CPU
		{7E3F4CD0-3B92-45CA-A3C6-A8BBCAAA121E}.Net5|x64.ActiveCfg = Debug|Any CPU
		{7E3F4CD0-3B92-45CA-A3C6-A8BBCAAA121E}.Net5|x64.Build.0 = Debug|Any CPU
		{7E3F4CD0-3B92-45CA-A3C6-A8BBCAAA121E}.Net5|x86.ActiveCfg = Debug|Any CPU
		{7E3F4CD0-3B92-45CA-A3C6-A8BBCAAA121E}.Net5|x86.Build.0 = Debug|Any CPU
		{7E3F4CD0-3B92-45CA-A3C6-A8BBCAAA121E}.Release|Any CPU.ActiveCfg = Release|Any CPU
		{7E3F4CD0-3B92-45CA-A3C6-A8BBCAAA121E}.Release|Any CPU.Build.0 = Release|Any CPU
		{7E3F4CD0-3B92-45CA-A3C6-A8BBCAAA121E}.Release|x64.ActiveCfg = Release|Any CPU
		{7E3F4CD0-3B92-45CA-A3C6-A8BBCAAA121E}.Release|x64.Build.0 = Release|Any CPU
		{7E3F4CD0-3B92-45CA-A3C6-A8BBCAAA121E}.Release|x86.ActiveCfg = Release|Any CPU
		{7E3F4CD0-3B92-45CA-A3C6-A8BBCAAA121E}.Release|x86.Build.0 = Release|Any CPU
		{312B50D5-0A91-4927-A44A-691EE00E9F87}.Debug|Any CPU.ActiveCfg = Debug|Any CPU
		{312B50D5-0A91-4927-A44A-691EE00E9F87}.Debug|Any CPU.Build.0 = Debug|Any CPU
		{312B50D5-0A91-4927-A44A-691EE00E9F87}.Debug|x64.ActiveCfg = Debug|Any CPU
		{312B50D5-0A91-4927-A44A-691EE00E9F87}.Debug|x64.Build.0 = Debug|Any CPU
		{312B50D5-0A91-4927-A44A-691EE00E9F87}.Debug|x86.ActiveCfg = Debug|Any CPU
		{312B50D5-0A91-4927-A44A-691EE00E9F87}.Debug|x86.Build.0 = Debug|Any CPU
		{312B50D5-0A91-4927-A44A-691EE00E9F87}.Net5|Any CPU.ActiveCfg = Debug|Any CPU
		{312B50D5-0A91-4927-A44A-691EE00E9F87}.Net5|Any CPU.Build.0 = Debug|Any CPU
		{312B50D5-0A91-4927-A44A-691EE00E9F87}.Net5|x64.ActiveCfg = Debug|Any CPU
		{312B50D5-0A91-4927-A44A-691EE00E9F87}.Net5|x64.Build.0 = Debug|Any CPU
		{312B50D5-0A91-4927-A44A-691EE00E9F87}.Net5|x86.ActiveCfg = Debug|Any CPU
		{312B50D5-0A91-4927-A44A-691EE00E9F87}.Net5|x86.Build.0 = Debug|Any CPU
		{312B50D5-0A91-4927-A44A-691EE00E9F87}.Release|Any CPU.ActiveCfg = Release|Any CPU
		{312B50D5-0A91-4927-A44A-691EE00E9F87}.Release|Any CPU.Build.0 = Release|Any CPU
		{312B50D5-0A91-4927-A44A-691EE00E9F87}.Release|x64.ActiveCfg = Release|Any CPU
		{312B50D5-0A91-4927-A44A-691EE00E9F87}.Release|x64.Build.0 = Release|Any CPU
		{312B50D5-0A91-4927-A44A-691EE00E9F87}.Release|x86.ActiveCfg = Release|Any CPU
		{312B50D5-0A91-4927-A44A-691EE00E9F87}.Release|x86.Build.0 = Release|Any CPU
		{84FC3E56-516D-42F1-8A98-14CF18F9E68C}.Debug|Any CPU.ActiveCfg = Debug|Any CPU
		{84FC3E56-516D-42F1-8A98-14CF18F9E68C}.Debug|Any CPU.Build.0 = Debug|Any CPU
		{84FC3E56-516D-42F1-8A98-14CF18F9E68C}.Debug|x64.ActiveCfg = Debug|Any CPU
		{84FC3E56-516D-42F1-8A98-14CF18F9E68C}.Debug|x64.Build.0 = Debug|Any CPU
		{84FC3E56-516D-42F1-8A98-14CF18F9E68C}.Debug|x86.ActiveCfg = Debug|Any CPU
		{84FC3E56-516D-42F1-8A98-14CF18F9E68C}.Debug|x86.Build.0 = Debug|Any CPU
		{84FC3E56-516D-42F1-8A98-14CF18F9E68C}.Net5|Any CPU.ActiveCfg = Debug|Any CPU
		{84FC3E56-516D-42F1-8A98-14CF18F9E68C}.Net5|Any CPU.Build.0 = Debug|Any CPU
		{84FC3E56-516D-42F1-8A98-14CF18F9E68C}.Net5|x64.ActiveCfg = Debug|Any CPU
		{84FC3E56-516D-42F1-8A98-14CF18F9E68C}.Net5|x64.Build.0 = Debug|Any CPU
		{84FC3E56-516D-42F1-8A98-14CF18F9E68C}.Net5|x86.ActiveCfg = Debug|Any CPU
		{84FC3E56-516D-42F1-8A98-14CF18F9E68C}.Net5|x86.Build.0 = Debug|Any CPU
		{84FC3E56-516D-42F1-8A98-14CF18F9E68C}.Release|Any CPU.ActiveCfg = Release|Any CPU
		{84FC3E56-516D-42F1-8A98-14CF18F9E68C}.Release|Any CPU.Build.0 = Release|Any CPU
		{84FC3E56-516D-42F1-8A98-14CF18F9E68C}.Release|x64.ActiveCfg = Release|Any CPU
		{84FC3E56-516D-42F1-8A98-14CF18F9E68C}.Release|x64.Build.0 = Release|Any CPU
		{84FC3E56-516D-42F1-8A98-14CF18F9E68C}.Release|x86.ActiveCfg = Release|Any CPU
		{84FC3E56-516D-42F1-8A98-14CF18F9E68C}.Release|x86.Build.0 = Release|Any CPU
		{4C93444E-7E9C-43E0-8323-73FEBB4FDA93}.Debug|Any CPU.ActiveCfg = Debug|Any CPU
		{4C93444E-7E9C-43E0-8323-73FEBB4FDA93}.Debug|Any CPU.Build.0 = Debug|Any CPU
		{4C93444E-7E9C-43E0-8323-73FEBB4FDA93}.Debug|x64.ActiveCfg = Debug|Any CPU
		{4C93444E-7E9C-43E0-8323-73FEBB4FDA93}.Debug|x64.Build.0 = Debug|Any CPU
		{4C93444E-7E9C-43E0-8323-73FEBB4FDA93}.Debug|x86.ActiveCfg = Debug|Any CPU
		{4C93444E-7E9C-43E0-8323-73FEBB4FDA93}.Debug|x86.Build.0 = Debug|Any CPU
		{4C93444E-7E9C-43E0-8323-73FEBB4FDA93}.Net5|Any CPU.ActiveCfg = Debug|Any CPU
		{4C93444E-7E9C-43E0-8323-73FEBB4FDA93}.Net5|Any CPU.Build.0 = Debug|Any CPU
		{4C93444E-7E9C-43E0-8323-73FEBB4FDA93}.Net5|x64.ActiveCfg = Debug|Any CPU
		{4C93444E-7E9C-43E0-8323-73FEBB4FDA93}.Net5|x64.Build.0 = Debug|Any CPU
		{4C93444E-7E9C-43E0-8323-73FEBB4FDA93}.Net5|x86.ActiveCfg = Debug|Any CPU
		{4C93444E-7E9C-43E0-8323-73FEBB4FDA93}.Net5|x86.Build.0 = Debug|Any CPU
		{4C93444E-7E9C-43E0-8323-73FEBB4FDA93}.Release|Any CPU.ActiveCfg = Release|Any CPU
		{4C93444E-7E9C-43E0-8323-73FEBB4FDA93}.Release|Any CPU.Build.0 = Release|Any CPU
		{4C93444E-7E9C-43E0-8323-73FEBB4FDA93}.Release|x64.ActiveCfg = Release|Any CPU
		{4C93444E-7E9C-43E0-8323-73FEBB4FDA93}.Release|x64.Build.0 = Release|Any CPU
		{4C93444E-7E9C-43E0-8323-73FEBB4FDA93}.Release|x86.ActiveCfg = Release|Any CPU
		{4C93444E-7E9C-43E0-8323-73FEBB4FDA93}.Release|x86.Build.0 = Release|Any CPU
		{B9B80F8A-0A71-45F7-B866-3715879747B8}.Debug|Any CPU.ActiveCfg = Debug|Any CPU
		{B9B80F8A-0A71-45F7-B866-3715879747B8}.Debug|Any CPU.Build.0 = Debug|Any CPU
		{B9B80F8A-0A71-45F7-B866-3715879747B8}.Debug|x64.ActiveCfg = Debug|Any CPU
		{B9B80F8A-0A71-45F7-B866-3715879747B8}.Debug|x64.Build.0 = Debug|Any CPU
		{B9B80F8A-0A71-45F7-B866-3715879747B8}.Debug|x86.ActiveCfg = Debug|Any CPU
		{B9B80F8A-0A71-45F7-B866-3715879747B8}.Debug|x86.Build.0 = Debug|Any CPU
		{B9B80F8A-0A71-45F7-B866-3715879747B8}.Net5|Any CPU.ActiveCfg = Debug|Any CPU
		{B9B80F8A-0A71-45F7-B866-3715879747B8}.Net5|Any CPU.Build.0 = Debug|Any CPU
		{B9B80F8A-0A71-45F7-B866-3715879747B8}.Net5|x64.ActiveCfg = Debug|Any CPU
		{B9B80F8A-0A71-45F7-B866-3715879747B8}.Net5|x64.Build.0 = Debug|Any CPU
		{B9B80F8A-0A71-45F7-B866-3715879747B8}.Net5|x86.ActiveCfg = Debug|Any CPU
		{B9B80F8A-0A71-45F7-B866-3715879747B8}.Net5|x86.Build.0 = Debug|Any CPU
		{B9B80F8A-0A71-45F7-B866-3715879747B8}.Release|Any CPU.ActiveCfg = Release|Any CPU
		{B9B80F8A-0A71-45F7-B866-3715879747B8}.Release|Any CPU.Build.0 = Release|Any CPU
		{B9B80F8A-0A71-45F7-B866-3715879747B8}.Release|x64.ActiveCfg = Release|Any CPU
		{B9B80F8A-0A71-45F7-B866-3715879747B8}.Release|x64.Build.0 = Release|Any CPU
		{B9B80F8A-0A71-45F7-B866-3715879747B8}.Release|x86.ActiveCfg = Release|Any CPU
		{B9B80F8A-0A71-45F7-B866-3715879747B8}.Release|x86.Build.0 = Release|Any CPU
	EndGlobalSection
	GlobalSection(SolutionProperties) = preSolution
		HideSolutionNode = FALSE
	EndGlobalSection
	GlobalSection(NestedProjects) = preSolution
		{703927F4-180F-4496-821D-161D8C23A468} = {EABD8CFD-B082-4669-A1D1-8C9F01BD77AC}
		{D6F81899-A25C-4ED4-B4A1-65058BEB3B52} = {EABD8CFD-B082-4669-A1D1-8C9F01BD77AC}
		{6A18DB57-AE97-4EBA-A0A2-3C3B36C970B5} = {EABD8CFD-B082-4669-A1D1-8C9F01BD77AC}
		{9551B72D-C66E-4A87-80CF-4FDE17ABFEA7} = {EABD8CFD-B082-4669-A1D1-8C9F01BD77AC}
		{F13452DF-24B6-47C6-BB83-AE724DEC6345} = {EABD8CFD-B082-4669-A1D1-8C9F01BD77AC}
		{7E3F4CD0-3B92-45CA-A3C6-A8BBCAAA121E} = {EABD8CFD-B082-4669-A1D1-8C9F01BD77AC}
		{312B50D5-0A91-4927-A44A-691EE00E9F87} = {EABD8CFD-B082-4669-A1D1-8C9F01BD77AC}
		{84FC3E56-516D-42F1-8A98-14CF18F9E68C} = {EABD8CFD-B082-4669-A1D1-8C9F01BD77AC}
		{4C93444E-7E9C-43E0-8323-73FEBB4FDA93} = {EABD8CFD-B082-4669-A1D1-8C9F01BD77AC}
		{B9B80F8A-0A71-45F7-B866-3715879747B8} = {EABD8CFD-B082-4669-A1D1-8C9F01BD77AC}
	EndGlobalSection
	GlobalSection(ExtensibilityGlobals) = postSolution
		SolutionGuid = {F11FBEE2-1C87-443B-A9EE-058D9275B71B}
	EndGlobalSection
EndGlobal
